#MicroXplorer Configuration settings - do not modify
CORTEX_M7.ART_ACCLERATOR_ENABLE=1
CORTEX_M7.CPU_DCache=Enabled
CORTEX_M7.CPU_ICache=Enabled
CORTEX_M7.IPParameters=ART_ACCLERATOR_ENABLE,PREFETCH_ENABLE,CPU_ICache,CPU_DCache
CORTEX_M7.PREFETCH_ENABLE=1
File.Version=6
KeepUserPlacement=true
Mcu.Family=STM32F7
Mcu.IP0=CORTEX_M7
Mcu.IP1=CRC
Mcu.IP2=NVIC
Mcu.IP3=RCC
Mcu.IP4=SYS
Mcu.IP5=USART3
Mcu.IPNb=6
Mcu.Name=STM32F722Z(C-E)Tx
Mcu.Package=LQFP144
Mcu.Pin0=PC13
Mcu.Pin1=PC14-OSC32_IN
Mcu.Pin10=PA8
Mcu.Pin11=PA9
Mcu.Pin12=PA10
Mcu.Pin13=PA11
Mcu.Pin14=PA12
Mcu.Pin15=PA13
Mcu.Pin16=PA14
Mcu.Pin17=PB3
Mcu.Pin18=PB7
Mcu.Pin19=VP_CRC_VS_CRC
Mcu.Pin2=PC15-OSC32_OUT
Mcu.Pin20=VP_SYS_VS_Systick
Mcu.Pin21=VP_STMicroelectronics.X-CUBE-AI_VS_ArtificialOoIntelligenceJjXAaCUBEAaAI_3.4.0
Mcu.Pin22=VP_STMicroelectronics.X-CUBE-AI_VS_ArtificialOoIntelligenceJjApplication_3.4.0
Mcu.Pin3=PH0-OSC_IN
Mcu.Pin4=PH1-OSC_OUT
Mcu.Pin5=PB14
Mcu.Pin6=PD8
Mcu.Pin7=PD9
Mcu.Pin8=PG6
Mcu.Pin9=PG7
Mcu.PinsNb=23
Mcu.ThirdParty0=STMicroelectronics.X-CUBE-AI.3.4.0
Mcu.ThirdPartyNb=1
Mcu.UserConstants=
Mcu.UserName=STM32F722ZETx
MxCube.Version=5.2.0
MxDb.Version=DB.5.0.20
NVIC.BusFault_IRQn=true\:0\:0\:false\:false\:true\:true\:false
NVIC.DebugMonitor_IRQn=true\:0\:0\:false\:false\:true\:true\:false
NVIC.HardFault_IRQn=true\:0\:0\:false\:false\:true\:true\:false
NVIC.MemoryManagement_IRQn=true\:0\:0\:false\:false\:true\:true\:false
NVIC.NonMaskableInt_IRQn=true\:0\:0\:false\:false\:true\:true\:false
NVIC.PendSV_IRQn=true\:0\:0\:false\:false\:true\:true\:false
NVIC.PriorityGroup=NVIC_PRIORITYGROUP_4
NVIC.SVCall_IRQn=true\:0\:0\:false\:false\:true\:true\:false
NVIC.SysTick_IRQn=true\:0\:0\:false\:false\:true\:true\:true
NVIC.UsageFault_IRQn=true\:0\:0\:false\:false\:true\:true\:false
PA10.GPIOParameters=GPIO_Label
PA10.GPIO_Label=USB_ID
PA10.Locked=true
PA10.Signal=USB_OTG_FS_ID
PA11.GPIOParameters=GPIO_Label
PA11.GPIO_Label=USB_DM
PA11.Locked=true
PA11.Signal=USB_OTG_FS_DM
PA12.GPIOParameters=GPIO_Label
PA12.GPIO_Label=USB_DP
PA12.Locked=true
PA12.Signal=USB_OTG_FS_DP
PA13.GPIOParameters=GPIO_Label
PA13.GPIO_Label=TMS
PA13.Locked=true
PA13.Mode=Trace_Asynchronous_SW
PA13.Signal=SYS_JTMS-SWDIO
PA14.GPIOParameters=GPIO_Label
PA14.GPIO_Label=TCK
PA14.Locked=true
PA14.Mode=Trace_Asynchronous_SW
PA14.Signal=SYS_JTCK-SWCLK
PA8.GPIOParameters=GPIO_Label
PA8.GPIO_Label=USB_SOF [TP1]
PA8.Locked=true
PA8.Signal=USB_OTG_FS_SOF
PA9.GPIOParameters=GPIO_Label
PA9.GPIO_Label=USB_VBUS
PA9.Locked=true
PA9.Signal=USB_OTG_FS_VBUS
PB14.GPIOParameters=GPIO_Label
PB14.GPIO_Label=LD3 [Red]
PB14.Locked=true
PB14.Signal=GPIO_Output
PB3.GPIOParameters=GPIO_Label
PB3.GPIO_Label=SWO
PB3.Locked=true
PB3.Mode=Trace_Asynchronous_SW
PB3.Signal=SYS_JTDO-SWO
PB7.GPIOParameters=GPIO_Label
PB7.GPIO_Label=LD2 [Blue]
PB7.Locked=true
PB7.Signal=GPIO_Output
PC13.GPIOParameters=GPIO_Label
PC13.GPIO_Label=USER_Btn [B1]
PC13.Locked=true
PC13.Signal=GPXTI13
PC14-OSC32_IN.Locked=true
PC14-OSC32_IN.Signal=RCC_OSC32_IN
PC15-OSC32_OUT.Locked=true
PC15-OSC32_OUT.Signal=RCC_OSC32_OUT
PCC.Checker=false
PCC.Line=STM32F7x2
PCC.MCU=STM32F722Z(C-E)Tx
PCC.PartNumber=STM32F722ZETx
PCC.Seq0=0
PCC.Series=STM32F7
PCC.Temperature=25
PCC.Vdd=3.3
PD8.GPIOParameters=GPIO_Label
PD8.GPIO_Label=STLK_RX [STM32F103CBT6_PA3]
PD8.Locked=true
PD8.Mode=Asynchronous
PD8.Signal=USART3_TX
PD9.GPIOParameters=GPIO_Label
PD9.GPIO_Label=STLK_TX [STM32F103CBT6_PA2]
PD9.Locked=true
PD9.Mode=Asynchronous
PD9.Signal=USART3_RX
PG6.GPIOParameters=GPIO_Label
PG6.GPIO_Label=USB_PowerSwitchOn [STMPS2151STR_EN]
PG6.Locked=true
PG6.Signal=GPIO_Output
PG7.GPIOParameters=GPIO_Label
PG7.GPIO_Label=USB_OverCurrent [STMPS2151STR_FAULT]
PG7.Locked=true
PG7.Signal=GPIO_Input
PH0-OSC_IN.GPIOParameters=GPIO_Label
PH0-OSC_IN.GPIO_Label=MCO
PH0-OSC_IN.Locked=true
PH0-OSC_IN.Signal=RCC_OSC_IN
PH1-OSC_OUT.Locked=true
PH1-OSC_OUT.Signal=RCC_OSC_OUT
PinOutPanel.RotationAngle=0
ProjectManager.AskForMigrate=true
ProjectManager.BackupPrevious=false
ProjectManager.CompilerOptimize=6
ProjectManager.ComputerToolchain=false
ProjectManager.CoupleFile=false
ProjectManager.CustomerFirmwarePackage=
ProjectManager.DefaultFWLocation=true
ProjectManager.DeletePrevious=true
ProjectManager.DeviceId=STM32F722ZETx
ProjectManager.FirmwarePackage=STM32Cube FW_F7 V1.15.0
ProjectManager.FreePins=false
ProjectManager.HalAssertFull=false
ProjectManager.HeapSize=0x2000
ProjectManager.KeepUserCode=true
ProjectManager.LastFirmware=true
ProjectManager.LibraryCopy=1
ProjectManager.MainLocation=Src
ProjectManager.NoMain=false
ProjectManager.PreviousToolchain=SW4STM32
ProjectManager.ProjectBuild=false
ProjectManager.ProjectFileName=f7_cnn_k3_f8_l3.ioc
ProjectManager.ProjectName=f7_cnn_k3_f8_l3
ProjectManager.StackSize=0x4000
ProjectManager.TargetToolchain=SW4STM32
ProjectManager.ToolChainLocation=
ProjectManager.UnderRoot=true
ProjectManager.functionlistsort=1-MX_GPIO_Init-GPIO-false-HAL-true,2-SystemClock_Config-RCC-false-HAL-false,3-MX_CRC_Init-CRC-false-HAL-true,4-MX_USART3_UART_Init-USART3-true-HAL-false,5-MX_X_CUBE_AI_Init-STMicroelectronics.X-CUBE-AI.3.4.0-false-HAL-true,6-MX_X_CUBE_AI_Process-STMicroelectronics.X-CUBE-AI.3.4.0-false-HAL-true
RCC.48MHZClocksFreq_Value=24000000
RCC.ADC12outputFreq_Value=72000000
RCC.ADC34outputFreq_Value=72000000
RCC.AHBFreq_Value=216000000
RCC.APB1CLKDivider=RCC_HCLK_DIV4
RCC.APB1Freq_Value=54000000
RCC.APB1TimFreq_Value=108000000
RCC.APB2CLKDivider=RCC_HCLK_DIV2
RCC.APB2Freq_Value=108000000
RCC.APB2TimFreq_Value=216000000
RCC.CortexFreq_Value=216000000
RCC.DFSDM2Freq_Value=16000000
RCC.DFSDMAudioFreq_Value=96000000
RCC.DFSDMFreq_Value=16000000
RCC.EthernetFreq_Value=8000000
RCC.FCLKCortexFreq_Value=216000000
RCC.FMPI2C1Freq_Value=8000000
RCC.FamilyName=M
RCC.HCLKFreq_Value=216000000
RCC.HSE_VALUE=25000000
RCC.HSI_VALUE=16000000
RCC.I2C1Freq_Value=54000000
RCC.I2C2Freq_Value=54000000
RCC.I2C3Freq_Value=54000000
RCC.I2S1Freq_Value=96000000
RCC.I2S2Freq_Value=96000000
RCC.I2SClocksFreq_Value=48000000
RCC.I2SFreq_Value=192000000
RCC.IPParameters=48MHZClocksFreq_Value,ADC12outputFreq_Value,ADC34outputFreq_Value,AHBFreq_Value,APB1CLKDivider,APB1Freq_Value,APB1TimFreq_Value,APB2CLKDivider,APB2Freq_Value,APB2TimFreq_Value,CortexFreq_Value,DFSDM2Freq_Value,DFSDMAudioFreq_Value,DFSDMFreq_Value,EthernetFreq_Value,FCLKCortexFreq_Value,FMPI2C1Freq_Value,FamilyName,HCLKFreq_Value,HSE_VALUE,HSI_VALUE,I2C1Freq_Value,I2C2Freq_Value,I2C3Freq_Value,I2S1Freq_Value,I2S2Freq_Value,I2SClocksFreq_Value,I2SFreq_Value,LPTIM1Freq_Value,LPTimerFreq_Value,LSE_VALUE,LSI_VALUE,MCO1PinFreq_Value,MCO2PinFreq_Value,MCOFreq_Value,PLLCLKFreq_Value,PLLI2SPCLKFreq_Value,PLLI2SQCLKFreq_Value,PLLI2SQoutputFreq_Value,PLLI2SRCLKFreq_Value,PLLI2SRoutputFreq_Value,PLLI2SoutputFreq_Value,PLLM,PLLMCOFreq_Value,PLLMUL,PLLN,PLLQCLKFreq_Value,PLLQoutputFreq_Value,PLLRCLKFreq_Value,PLLRoutputFreq_Value,PLLSAIPCLKFreq_Value,PLLSAIQCLKFreq_Value,PLLSAIoutputFreq_Value,PRESCALERUSB,PWRFreq_Value,RNGFreq_Value,RTCFreq_Value,RTCHSEDivFreq_Value,SAI1AFreq_Value,SAI1BFreq_Value,SAI1Freq_Value,SAI2Freq_Value,SDIOFreq_Value,SDMMC2Freq_Value,SDMMCFreq_Value,SYSCLKFreq_VALUE,SYSCLKSource,SYSCLKSourceVirtual,TIM15Freq_Value,TIM16Freq_Value,TIM17Freq_Value,TIM1Freq_Value,TIM20Freq_Value,TIM2Freq_Value,TIM3Freq_Value,TIM8Freq_Value,UART4Freq_Value,UART5Freq_Value,UART7Freq_Value,UART8Freq_Value,USART1Freq_Value,USART2Freq_Value,USART3Freq_Value,USART6Freq_Value,USBFreq_Value,VCOI2SInputFreq_Value,VCOI2SOutputFreq_Value,VCOInputFreq_Value,VCOInputMFreq_Value,VCOOutput2Freq_Value,VCOOutputFreq_Value,VCOSAIOutputFreq_Value,VcooutputI2S,WatchDogFreq_Value
RCC.LPTIM1Freq_Value=54000000
RCC.LPTimerFreq_Value=8000000
RCC.LSE_VALUE=32768
RCC.LSI_VALUE=32000
RCC.MCO1PinFreq_Value=16000000
RCC.MCO2PinFreq_Value=216000000
RCC.MCOFreq_Value=72000000
RCC.PLLCLKFreq_Value=216000000
RCC.PLLI2SPCLKFreq_Value=48000000
RCC.PLLI2SQCLKFreq_Value=192000000
RCC.PLLI2SQoutputFreq_Value=96000000
RCC.PLLI2SRCLKFreq_Value=192000000
RCC.PLLI2SRoutputFreq_Value=192000000
RCC.PLLI2SoutputFreq_Value=48000000
RCC.PLLM=8
RCC.PLLMCOFreq_Value=72000000
RCC.PLLMUL=RCC_PLL_MUL9
RCC.PLLN=216
RCC.PLLQCLKFreq_Value=216000000
RCC.PLLQoutputFreq_Value=216000000
RCC.PLLRCLKFreq_Value=96000000
RCC.PLLRoutputFreq_Value=96000000
RCC.PLLSAIPCLKFreq_Value=192000000
RCC.PLLSAIQCLKFreq_Value=192000000
RCC.PLLSAIoutputFreq_Value=192000000
RCC.PRESCALERUSB=RCC_USBCLKSOURCE_PLL_DIV1_5
RCC.PWRFreq_Value=16000000
RCC.RNGFreq_Value=216000000
RCC.RTCFreq_Value=32000
RCC.RTCHSEDivFreq_Value=4000000
RCC.SAI1AFreq_Value=16000000
RCC.SAI1BFreq_Value=16000000
RCC.SAI1Freq_Value=192000000
RCC.SAI2Freq_Value=192000000
RCC.SDIOFreq_Value=96000000
RCC.SDMMC2Freq_Value=216000000
RCC.SDMMCFreq_Value=216000000
RCC.SYSCLKFreq_VALUE=216000000
RCC.SYSCLKSource=RCC_SYSCLKSOURCE_PLLCLK
RCC.SYSCLKSourceVirtual=RCC_SYSCLKSOURCE_PLLCLK
RCC.TIM15Freq_Value=72000000
RCC.TIM16Freq_Value=72000000
RCC.TIM17Freq_Value=72000000
RCC.TIM1Freq_Value=72000000
RCC.TIM20Freq_Value=72000000
RCC.TIM2Freq_Value=72000000
RCC.TIM3Freq_Value=72000000
RCC.TIM8Freq_Value=72000000
RCC.UART4Freq_Value=54000000
RCC.UART5Freq_Value=54000000
RCC.UART7Freq_Value=54000000
RCC.UART8Freq_Value=54000000
RCC.USART1Freq_Value=108000000
RCC.USART2Freq_Value=54000000
RCC.USART3Freq_Value=54000000
RCC.USART6Freq_Value=108000000
RCC.USBFreq_Value=216000000
RCC.VCOI2SInputFreq_Value=1000000
RCC.VCOI2SOutputFreq_Value=384000000
RCC.VCOInputFreq_Value=2000000
RCC.VCOInputMFreq_Value=500000
RCC.VCOOutput2Freq_Value=8000000
RCC.VCOOutputFreq_Value=432000000
RCC.VCOSAIOutputFreq_Value=384000000
RCC.VcooutputI2S=48000000
RCC.WatchDogFreq_Value=32000
SH.GPXTI13.0=GPIO_EXTI13
SH.GPXTI13.ConfNb=1
STMicroelectronics.X-CUBE-AI.3.4.0.ApplicationCcArtificialOoIntelligenceJjApplication=SystemPerformance
STMicroelectronics.X-CUBE-AI.3.4.0.ArtificialOoIntelligenceJjApplication.cmp_version0=3.4.0
STMicroelectronics.X-CUBE-AI.3.4.0.ArtificialOoIntelligenceJjApplication.component0=Artificial Intelligence
STMicroelectronics.X-CUBE-AI.3.4.0.ArtificialOoIntelligenceJjApplication.description0=AI Application,System Performance
STMicroelectronics.X-CUBE-AI.3.4.0.ArtificialOoIntelligenceJjApplication.diagnostic0=This component should operate correctly.
STMicroelectronics.X-CUBE-AI.3.4.0.ArtificialOoIntelligenceJjApplication.documentation0=readme.txt
STMicroelectronics.X-CUBE-AI.3.4.0.ArtificialOoIntelligenceJjApplication.group0=Application
STMicroelectronics.X-CUBE-AI.3.4.0.ArtificialOoIntelligenceJjApplication.paramName0=ApplicationCcArtificialOoIntelligenceJjApplication
STMicroelectronics.X-CUBE-AI.3.4.0.ArtificialOoIntelligenceJjApplication.sevirity0=none
STMicroelectronics.X-CUBE-AI.3.4.0.ArtificialOoIntelligenceJjApplication.variant0=SystemPerformance
STMicroelectronics.X-CUBE-AI.3.4.0.ArtificialOoIntelligenceJjApplication_Checked=true
STMicroelectronics.X-CUBE-AI.3.4.0.ArtificialOoIntelligenceJjApplication_bundle=Application
STMicroelectronics.X-CUBE-AI.3.4.0.ArtificialOoIntelligenceJjApplication_class=ArtificialOoIntelligence
STMicroelectronics.X-CUBE-AI.3.4.0.ArtificialOoIntelligenceJjApplication_name=X-CUBE-AI
STMicroelectronics.X-CUBE-AI.3.4.0.ArtificialOoIntelligenceJjApplication_size=1
STMicroelectronics.X-CUBE-AI.3.4.0.ArtificialOoIntelligenceJjApplication_vendor=STMicroelectronics
STMicroelectronics.X-CUBE-AI.3.4.0.ArtificialOoIntelligenceJjApplication_version=3.4.0
STMicroelectronics.X-CUBE-AI.3.4.0.ArtificialOoIntelligenceJjXAaCUBEAaAI.cmp_version0=3.4.0
STMicroelectronics.X-CUBE-AI.3.4.0.ArtificialOoIntelligenceJjXAaCUBEAaAI.component0=Artificial Intelligence
STMicroelectronics.X-CUBE-AI.3.4.0.ArtificialOoIntelligenceJjXAaCUBEAaAI.description0=AI Core,Artificial Intelligence for STM32
STMicroelectronics.X-CUBE-AI.3.4.0.ArtificialOoIntelligenceJjXAaCUBEAaAI.diagnostic0=This component should operate correctly.
STMicroelectronics.X-CUBE-AI.3.4.0.ArtificialOoIntelligenceJjXAaCUBEAaAI.documentation0=readme.txt
STMicroelectronics.X-CUBE-AI.3.4.0.ArtificialOoIntelligenceJjXAaCUBEAaAI.group0=Core
STMicroelectronics.X-CUBE-AI.3.4.0.ArtificialOoIntelligenceJjXAaCUBEAaAI.paramName0=XAaCUBEAaAICcArtificialOoIntelligenceJjCore
STMicroelectronics.X-CUBE-AI.3.4.0.ArtificialOoIntelligenceJjXAaCUBEAaAI.sevirity0=none
STMicroelectronics.X-CUBE-AI.3.4.0.ArtificialOoIntelligenceJjXAaCUBEAaAI_Checked=true
STMicroelectronics.X-CUBE-AI.3.4.0.ArtificialOoIntelligenceJjXAaCUBEAaAI_bundle=X-CUBE-AI
STMicroelectronics.X-CUBE-AI.3.4.0.ArtificialOoIntelligenceJjXAaCUBEAaAI_class=ArtificialOoIntelligence
STMicroelectronics.X-CUBE-AI.3.4.0.ArtificialOoIntelligenceJjXAaCUBEAaAI_name=X-CUBE-AI
STMicroelectronics.X-CUBE-AI.3.4.0.ArtificialOoIntelligenceJjXAaCUBEAaAI_size=1
STMicroelectronics.X-CUBE-AI.3.4.0.ArtificialOoIntelligenceJjXAaCUBEAaAI_vendor=STMicroelectronics
STMicroelectronics.X-CUBE-AI.3.4.0.ArtificialOoIntelligenceJjXAaCUBEAaAI_version=3.4.0
STMicroelectronics.X-CUBE-AI.3.4.0.BSP.number=1
STMicroelectronics.X-CUBE-AI.3.4.0.HeapSize=0x2000
STMicroelectronics.X-CUBE-AI.3.4.0.IPParameters=XAaCUBEAaAICcArtificialOoIntelligenceJjCore,ApplicationCcArtificialOoIntelligenceJjApplication,ModelHashList,ModelNameList,ModelName-dc2be20daaa1b5368fde0504d014f0c3fc4e198eef30cefc522a204db8927268,ModelActualCompression-dc2be20daaa1b5368fde0504d014f0c3fc4e198eef30cefc522a204db8927268,ModelCompression-dc2be20daaa1b5368fde0504d014f0c3fc4e198eef30cefc522a204db8927268,ModelRamOccupation-dc2be20daaa1b5368fde0504d014f0c3fc4e198eef30cefc522a204db8927268,ModelType-dc2be20daaa1b5368fde0504d014f0c3fc4e198eef30cefc522a204db8927268,ModelKind-dc2be20daaa1b5368fde0504d014f0c3fc4e198eef30cefc522a204db8927268,ModelStructureFile-dc2be20daaa1b5368fde0504d014f0c3fc4e198eef30cefc522a204db8927268,ModelFlashOccupation-dc2be20daaa1b5368fde0504d014f0c3fc4e198eef30cefc522a204db8927268,ModelMacc-dc2be20daaa1b5368fde0504d014f0c3fc4e198eef30cefc522a204db8927268,HeapSize,StackSize,ModelName-8ccb89b114f39cb0f14d913b0eb549ce2201fb20fc49fd9bbf16b7b972c5b815,ModelActualCompression-8ccb89b114f39cb0f14d913b0eb549ce2201fb20fc49fd9bbf16b7b972c5b815,ModelCompression-8ccb89b114f39cb0f14d913b0eb549ce2201fb20fc49fd9bbf16b7b972c5b815,ModelRamOccupation-8ccb89b114f39cb0f14d913b0eb549ce2201fb20fc49fd9bbf16b7b972c5b815,ModelType-8ccb89b114f39cb0f14d913b0eb549ce2201fb20fc49fd9bbf16b7b972c5b815,ModelKind-8ccb89b114f39cb0f14d913b0eb549ce2201fb20fc49fd9bbf16b7b972c5b815,ModelStructureFile-8ccb89b114f39cb0f14d913b0eb549ce2201fb20fc49fd9bbf16b7b972c5b815,ModelName-3bfd832f0565daf9f599c7fe80fa811d022cc2d6e2af297d56c82366901e9a92,ModelActualCompression-3bfd832f0565daf9f599c7fe80fa811d022cc2d6e2af297d56c82366901e9a92,ModelCompression-3bfd832f0565daf9f599c7fe80fa811d022cc2d6e2af297d56c82366901e9a92,ModelRamOccupation-3bfd832f0565daf9f599c7fe80fa811d022cc2d6e2af297d56c82366901e9a92,ModelFlashOccupation-8ccb89b114f39cb0f14d913b0eb549ce2201fb20fc49fd9bbf16b7b972c5b815,ModelMacc-8ccb89b114f39cb0f14d913b0eb549ce2201fb20fc49fd9bbf16b7b972c5b815,ModelType-3bfd832f0565daf9f599c7fe80fa811d022cc2d6e2af297d56c82366901e9a92,ModelKind-3bfd832f0565daf9f599c7fe80fa811d022cc2d6e2af297d56c82366901e9a92,ModelStructureFile-3bfd832f0565daf9f599c7fe80fa811d022cc2d6e2af297d56c82366901e9a92,ModelName-47026d094f7e3cdbe5ec606fc76006de87933144c50db79d6a224efe7b84a333,ModelActualCompression-47026d094f7e3cdbe5ec606fc76006de87933144c50db79d6a224efe7b84a333,ModelCompression-47026d094f7e3cdbe5ec606fc76006de87933144c50db79d6a224efe7b84a333,ModelRamOccupation-47026d094f7e3cdbe5ec606fc76006de87933144c50db79d6a224efe7b84a333,ModelFlashOccupation-3bfd832f0565daf9f599c7fe80fa811d022cc2d6e2af297d56c82366901e9a92,ModelMacc-3bfd832f0565daf9f599c7fe80fa811d022cc2d6e2af297d56c82366901e9a92,ModelType-47026d094f7e3cdbe5ec606fc76006de87933144c50db79d6a224efe7b84a333,ModelKind-47026d094f7e3cdbe5ec606fc76006de87933144c50db79d6a224efe7b84a333,ModelStructureFile-47026d094f7e3cdbe5ec606fc76006de87933144c50db79d6a224efe7b84a333,ModelFlashOccupation-47026d094f7e3cdbe5ec606fc76006de87933144c50db79d6a224efe7b84a333,ModelMacc-47026d094f7e3cdbe5ec606fc76006de87933144c50db79d6a224efe7b84a333,ModelName-d2ea650c346fe3a94151f6635c896659acd63a4e2a80fab44753102e541f4ab6,ModelActualCompression-d2ea650c346fe3a94151f6635c896659acd63a4e2a80fab44753102e541f4ab6,ModelCompression-d2ea650c346fe3a94151f6635c896659acd63a4e2a80fab44753102e541f4ab6,ModelRamOccupation-d2ea650c346fe3a94151f6635c896659acd63a4e2a80fab44753102e541f4ab6,ModelType-d2ea650c346fe3a94151f6635c896659acd63a4e2a80fab44753102e541f4ab6,ModelKind-d2ea650c346fe3a94151f6635c896659acd63a4e2a80fab44753102e541f4ab6,ModelStructureFile-d2ea650c346fe3a94151f6635c896659acd63a4e2a80fab44753102e541f4ab6,ModelName-b909f3dee4799c3e5c7804ee5015e96edfac3d1b2f7b1196c91bab7c0803bf43,ModelActualCompression-b909f3dee4799c3e5c7804ee5015e96edfac3d1b2f7b1196c91bab7c0803bf43,ModelCompression-b909f3dee4799c3e5c7804ee5015e96edfac3d1b2f7b1196c91bab7c0803bf43,ModelRamOccupation-b909f3dee4799c3e5c7804ee5015e96edfac3d1b2f7b1196c91bab7c0803bf43,ModelType-b909f3dee4799c3e5c7804ee5015e96edfac3d1b2f7b1196c91bab7c0803bf43,ModelKind-b909f3dee4799c3e5c7804ee5015e96edfac3d1b2f7b1196c91bab7c0803bf43,ModelStructureFile-b909f3dee4799c3e5c7804ee5015e96edfac3d1b2f7b1196c91bab7c0803bf43,ModelName-7a1f51335fcb79d3067ecba09896ac3e6eb6cb23b8936de40b35418bda73bbc9,ModelActualCompression-7a1f51335fcb79d3067ecba09896ac3e6eb6cb23b8936de40b35418bda73bbc9,ModelCompression-7a1f51335fcb79d3067ecba09896ac3e6eb6cb23b8936de40b35418bda73bbc9,ModelRamOccupation-7a1f51335fcb79d3067ecba09896ac3e6eb6cb23b8936de40b35418bda73bbc9,ModelType-7a1f51335fcb79d3067ecba09896ac3e6eb6cb23b8936de40b35418bda73bbc9,ModelKind-7a1f51335fcb79d3067ecba09896ac3e6eb6cb23b8936de40b35418bda73bbc9,ModelStructureFile-7a1f51335fcb79d3067ecba09896ac3e6eb6cb23b8936de40b35418bda73bbc9,ModelName-dd103f372474686655e8f08ceba733cd083a7ef61c20dc218bef21baed7736ec,ModelActualCompression-dd103f372474686655e8f08ceba733cd083a7ef61c20dc218bef21baed7736ec,ModelCompression-dd103f372474686655e8f08ceba733cd083a7ef61c20dc218bef21baed7736ec,ModelRamOccupation-dd103f372474686655e8f08ceba733cd083a7ef61c20dc218bef21baed7736ec,ModelType-dd103f372474686655e8f08ceba733cd083a7ef61c20dc218bef21baed7736ec,ModelKind-dd103f372474686655e8f08ceba733cd083a7ef61c20dc218bef21baed7736ec,ModelStructureFile-dd103f372474686655e8f08ceba733cd083a7ef61c20dc218bef21baed7736ec,ModelName-d863e4affacf98d3bff06a79dc1ed37d26f3a82c1db3f7ce48b50678fe6e496c,ModelActualCompression-d863e4affacf98d3bff06a79dc1ed37d26f3a82c1db3f7ce48b50678fe6e496c,ModelCompression-d863e4affacf98d3bff06a79dc1ed37d26f3a82c1db3f7ce48b50678fe6e496c,ModelRamOccupation-d863e4affacf98d3bff06a79dc1ed37d26f3a82c1db3f7ce48b50678fe6e496c,ModelType-d863e4affacf98d3bff06a79dc1ed37d26f3a82c1db3f7ce48b50678fe6e496c,ModelKind-d863e4affacf98d3bff06a79dc1ed37d26f3a82c1db3f7ce48b50678fe6e496c,ModelStructureFile-d863e4affacf98d3bff06a79dc1ed37d26f3a82c1db3f7ce48b50678fe6e496c,ModelName-f97b349ae12deeb151b39ae08271a7decb0e3c7ddfbc5222636caf6c63d8d50c,ModelActualCompression-f97b349ae12deeb151b39ae08271a7decb0e3c7ddfbc5222636caf6c63d8d50c,ModelCompression-f97b349ae12deeb151b39ae08271a7decb0e3c7ddfbc5222636caf6c63d8d50c,ModelRamOccupation-f97b349ae12deeb151b39ae08271a7decb0e3c7ddfbc5222636caf6c63d8d50c,ModelType-f97b349ae12deeb151b39ae08271a7decb0e3c7ddfbc5222636caf6c63d8d50c,ModelKind-f97b349ae12deeb151b39ae08271a7decb0e3c7ddfbc5222636caf6c63d8d50c,ModelStructureFile-f97b349ae12deeb151b39ae08271a7decb0e3c7ddfbc5222636caf6c63d8d50c,ModelName-6142fee38e4207c6d9e2bf1d72acb1f6a76e06131f03ab7acb9a0808258bbc5e,ModelActualCompression-6142fee38e4207c6d9e2bf1d72acb1f6a76e06131f03ab7acb9a0808258bbc5e,ModelCompression-6142fee38e4207c6d9e2bf1d72acb1f6a76e06131f03ab7acb9a0808258bbc5e,ModelRamOccupation-6142fee38e4207c6d9e2bf1d72acb1f6a76e06131f03ab7acb9a0808258bbc5e,ModelType-6142fee38e4207c6d9e2bf1d72acb1f6a76e06131f03ab7acb9a0808258bbc5e,ModelKind-6142fee38e4207c6d9e2bf1d72acb1f6a76e06131f03ab7acb9a0808258bbc5e,ModelStructureFile-6142fee38e4207c6d9e2bf1d72acb1f6a76e06131f03ab7acb9a0808258bbc5e,ModelFlashOccupation-6142fee38e4207c6d9e2bf1d72acb1f6a76e06131f03ab7acb9a0808258bbc5e,ModelMacc-6142fee38e4207c6d9e2bf1d72acb1f6a76e06131f03ab7acb9a0808258bbc5e,ModelFlashOccupation-f97b349ae12deeb151b39ae08271a7decb0e3c7ddfbc5222636caf6c63d8d50c,ModelMacc-f97b349ae12deeb151b39ae08271a7decb0e3c7ddfbc5222636caf6c63d8d50c,ModelFlashOccupation-d863e4affacf98d3bff06a79dc1ed37d26f3a82c1db3f7ce48b50678fe6e496c,ModelMacc-d863e4affacf98d3bff06a79dc1ed37d26f3a82c1db3f7ce48b50678fe6e496c,ModelFlashOccupation-dd103f372474686655e8f08ceba733cd083a7ef61c20dc218bef21baed7736ec,ModelMacc-dd103f372474686655e8f08ceba733cd083a7ef61c20dc218bef21baed7736ec,ModelFlashOccupation-7a1f51335fcb79d3067ecba09896ac3e6eb6cb23b8936de40b35418bda73bbc9,ModelMacc-7a1f51335fcb79d3067ecba09896ac3e6eb6cb23b8936de40b35418bda73bbc9,ModelFlashOccupation-b909f3dee4799c3e5c7804ee5015e96edfac3d1b2f7b1196c91bab7c0803bf43,ModelMacc-b909f3dee4799c3e5c7804ee5015e96edfac3d1b2f7b1196c91bab7c0803bf43,ModelFlashOccupation-d2ea650c346fe3a94151f6635c896659acd63a4e2a80fab44753102e541f4ab6,ModelMacc-d2ea650c346fe3a94151f6635c896659acd63a4e2a80fab44753102e541f4ab6,ModelName-279e939207d2805e6d59dcfed7d60f76b560a7d9936419d2457befb14c853c5b,ModelActualCompression-279e939207d2805e6d59dcfed7d60f76b560a7d9936419d2457befb14c853c5b,ModelCompression-279e939207d2805e6d59dcfed7d60f76b560a7d9936419d2457befb14c853c5b,ModelRamOccupation-279e939207d2805e6d59dcfed7d60f76b560a7d9936419d2457befb14c853c5b,ModelType-279e939207d2805e6d59dcfed7d60f76b560a7d9936419d2457befb14c853c5b,ModelKind-279e939207d2805e6d59dcfed7d60f76b560a7d9936419d2457befb14c853c5b,ModelStructureFile-279e939207d2805e6d59dcfed7d60f76b560a7d9936419d2457befb14c853c5b,ModelName-dcc1fc6426e76516b8fdb565e869b2c048b8b9cfcffe9d23c4b8dc6e7559df54,ModelActualCompression-dcc1fc6426e76516b8fdb565e869b2c048b8b9cfcffe9d23c4b8dc6e7559df54,ModelCompression-dcc1fc6426e76516b8fdb565e869b2c048b8b9cfcffe9d23c4b8dc6e7559df54,ModelRamOccupation-dcc1fc6426e76516b8fdb565e869b2c048b8b9cfcffe9d23c4b8dc6e7559df54,ModelType-dcc1fc6426e76516b8fdb565e869b2c048b8b9cfcffe9d23c4b8dc6e7559df54,ModelKind-dcc1fc6426e76516b8fdb565e869b2c048b8b9cfcffe9d23c4b8dc6e7559df54,ModelStructureFile-dcc1fc6426e76516b8fdb565e869b2c048b8b9cfcffe9d23c4b8dc6e7559df54,ModelName-6fabe0c2ffc496baf61935854300b2dfb9e18f6846ec40da30694c6ac961ba22,ModelActualCompression-6fabe0c2ffc496baf61935854300b2dfb9e18f6846ec40da30694c6ac961ba22,ModelCompression-6fabe0c2ffc496baf61935854300b2dfb9e18f6846ec40da30694c6ac961ba22,ModelRamOccupation-6fabe0c2ffc496baf61935854300b2dfb9e18f6846ec40da30694c6ac961ba22,ModelType-6fabe0c2ffc496baf61935854300b2dfb9e18f6846ec40da30694c6ac961ba22,ModelKind-6fabe0c2ffc496baf61935854300b2dfb9e18f6846ec40da30694c6ac961ba22,ModelStructureFile-6fabe0c2ffc496baf61935854300b2dfb9e18f6846ec40da30694c6ac961ba22,ModelName-6edd66d7085dd6ab18023007a1bc6874764109f8b97d3de482ca06ca7347f383,ModelActualCompression-6edd66d7085dd6ab18023007a1bc6874764109f8b97d3de482ca06ca7347f383,ModelCompression-6edd66d7085dd6ab18023007a1bc6874764109f8b97d3de482ca06ca7347f383,ModelRamOccupation-6edd66d7085dd6ab18023007a1bc6874764109f8b97d3de482ca06ca7347f383,ModelKind-6edd66d7085dd6ab18023007a1bc6874764109f8b97d3de482ca06ca7347f383,ModelType-6edd66d7085dd6ab18023007a1bc6874764109f8b97d3de482ca06ca7347f383,ModelStructureFile-6edd66d7085dd6ab18023007a1bc6874764109f8b97d3de482ca06ca7347f383,ModelFlashOccupation-6edd66d7085dd6ab18023007a1bc6874764109f8b97d3de482ca06ca7347f383,ModelMacc-6edd66d7085dd6ab18023007a1bc6874764109f8b97d3de482ca06ca7347f383,ModelFlashOccupation-6fabe0c2ffc496baf61935854300b2dfb9e18f6846ec40da30694c6ac961ba22,ModelMacc-6fabe0c2ffc496baf61935854300b2dfb9e18f6846ec40da30694c6ac961ba22,ModelFlashOccupation-dcc1fc6426e76516b8fdb565e869b2c048b8b9cfcffe9d23c4b8dc6e7559df54,ModelMacc-dcc1fc6426e76516b8fdb565e869b2c048b8b9cfcffe9d23c4b8dc6e7559df54,ModelFlashOccupation-279e939207d2805e6d59dcfed7d60f76b560a7d9936419d2457befb14c853c5b,ModelMacc-279e939207d2805e6d59dcfed7d60f76b560a7d9936419d2457befb14c853c5b,ModelName-7c4202cacaa278e6c5869f73a98cefaa30e1f20d5d5ed6258b9848eec8e2fb3b,ModelActualCompression-7c4202cacaa278e6c5869f73a98cefaa30e1f20d5d5ed6258b9848eec8e2fb3b,ModelCompression-7c4202cacaa278e6c5869f73a98cefaa30e1f20d5d5ed6258b9848eec8e2fb3b,ModelRamOccupation-7c4202cacaa278e6c5869f73a98cefaa30e1f20d5d5ed6258b9848eec8e2fb3b,ModelType-7c4202cacaa278e6c5869f73a98cefaa30e1f20d5d5ed6258b9848eec8e2fb3b,ModelKind-7c4202cacaa278e6c5869f73a98cefaa30e1f20d5d5ed6258b9848eec8e2fb3b,ModelStructureFile-7c4202cacaa278e6c5869f73a98cefaa30e1f20d5d5ed6258b9848eec8e2fb3b,ModelFlashOccupation-7c4202cacaa278e6c5869f73a98cefaa30e1f20d5d5ed6258b9848eec8e2fb3b,ModelMacc-7c4202cacaa278e6c5869f73a98cefaa30e1f20d5d5ed6258b9848eec8e2fb3b
STMicroelectronics.X-CUBE-AI.3.4.0.ModelActualCompression-279e939207d2805e6d59dcfed7d60f76b560a7d9936419d2457befb14c853c5b=7.874
STMicroelectronics.X-CUBE-AI.3.4.0.ModelActualCompression-3bfd832f0565daf9f599c7fe80fa811d022cc2d6e2af297d56c82366901e9a92=7.852
STMicroelectronics.X-CUBE-AI.3.4.0.ModelActualCompression-47026d094f7e3cdbe5ec606fc76006de87933144c50db79d6a224efe7b84a333=7.855
STMicroelectronics.X-CUBE-AI.3.4.0.ModelActualCompression-6142fee38e4207c6d9e2bf1d72acb1f6a76e06131f03ab7acb9a0808258bbc5e=7.874
STMicroelectronics.X-CUBE-AI.3.4.0.ModelActualCompression-6edd66d7085dd6ab18023007a1bc6874764109f8b97d3de482ca06ca7347f383=7.812
STMicroelectronics.X-CUBE-AI.3.4.0.ModelActualCompression-6fabe0c2ffc496baf61935854300b2dfb9e18f6846ec40da30694c6ac961ba22=7.739
STMicroelectronics.X-CUBE-AI.3.4.0.ModelActualCompression-7a1f51335fcb79d3067ecba09896ac3e6eb6cb23b8936de40b35418bda73bbc9=7.832
STMicroelectronics.X-CUBE-AI.3.4.0.ModelActualCompression-7c4202cacaa278e6c5869f73a98cefaa30e1f20d5d5ed6258b9848eec8e2fb3b=7.877
STMicroelectronics.X-CUBE-AI.3.4.0.ModelActualCompression-8ccb89b114f39cb0f14d913b0eb549ce2201fb20fc49fd9bbf16b7b972c5b815=7.974
STMicroelectronics.X-CUBE-AI.3.4.0.ModelActualCompression-b909f3dee4799c3e5c7804ee5015e96edfac3d1b2f7b1196c91bab7c0803bf43=7.8
STMicroelectronics.X-CUBE-AI.3.4.0.ModelActualCompression-d2ea650c346fe3a94151f6635c896659acd63a4e2a80fab44753102e541f4ab6=7.766
STMicroelectronics.X-CUBE-AI.3.4.0.ModelActualCompression-d863e4affacf98d3bff06a79dc1ed37d26f3a82c1db3f7ce48b50678fe6e496c=7.708
STMicroelectronics.X-CUBE-AI.3.4.0.ModelActualCompression-dc2be20daaa1b5368fde0504d014f0c3fc4e198eef30cefc522a204db8927268=2.881
STMicroelectronics.X-CUBE-AI.3.4.0.ModelActualCompression-dcc1fc6426e76516b8fdb565e869b2c048b8b9cfcffe9d23c4b8dc6e7559df54=7.658
STMicroelectronics.X-CUBE-AI.3.4.0.ModelActualCompression-dd103f372474686655e8f08ceba733cd083a7ef61c20dc218bef21baed7736ec=7.868
STMicroelectronics.X-CUBE-AI.3.4.0.ModelActualCompression-f97b349ae12deeb151b39ae08271a7decb0e3c7ddfbc5222636caf6c63d8d50c=7.765
STMicroelectronics.X-CUBE-AI.3.4.0.ModelCompression-279e939207d2805e6d59dcfed7d60f76b560a7d9936419d2457befb14c853c5b=8
STMicroelectronics.X-CUBE-AI.3.4.0.ModelCompression-3bfd832f0565daf9f599c7fe80fa811d022cc2d6e2af297d56c82366901e9a92=8
STMicroelectronics.X-CUBE-AI.3.4.0.ModelCompression-47026d094f7e3cdbe5ec606fc76006de87933144c50db79d6a224efe7b84a333=8
STMicroelectronics.X-CUBE-AI.3.4.0.ModelCompression-6142fee38e4207c6d9e2bf1d72acb1f6a76e06131f03ab7acb9a0808258bbc5e=8
STMicroelectronics.X-CUBE-AI.3.4.0.ModelCompression-6edd66d7085dd6ab18023007a1bc6874764109f8b97d3de482ca06ca7347f383=8
STMicroelectronics.X-CUBE-AI.3.4.0.ModelCompression-6fabe0c2ffc496baf61935854300b2dfb9e18f6846ec40da30694c6ac961ba22=8
STMicroelectronics.X-CUBE-AI.3.4.0.ModelCompression-7a1f51335fcb79d3067ecba09896ac3e6eb6cb23b8936de40b35418bda73bbc9=8
STMicroelectronics.X-CUBE-AI.3.4.0.ModelCompression-7c4202cacaa278e6c5869f73a98cefaa30e1f20d5d5ed6258b9848eec8e2fb3b=8
STMicroelectronics.X-CUBE-AI.3.4.0.ModelCompression-8ccb89b114f39cb0f14d913b0eb549ce2201fb20fc49fd9bbf16b7b972c5b815=8
STMicroelectronics.X-CUBE-AI.3.4.0.ModelCompression-b909f3dee4799c3e5c7804ee5015e96edfac3d1b2f7b1196c91bab7c0803bf43=8
STMicroelectronics.X-CUBE-AI.3.4.0.ModelCompression-d2ea650c346fe3a94151f6635c896659acd63a4e2a80fab44753102e541f4ab6=8
STMicroelectronics.X-CUBE-AI.3.4.0.ModelCompression-d863e4affacf98d3bff06a79dc1ed37d26f3a82c1db3f7ce48b50678fe6e496c=8
STMicroelectronics.X-CUBE-AI.3.4.0.ModelCompression-dc2be20daaa1b5368fde0504d014f0c3fc4e198eef30cefc522a204db8927268=8
STMicroelectronics.X-CUBE-AI.3.4.0.ModelCompression-dcc1fc6426e76516b8fdb565e869b2c048b8b9cfcffe9d23c4b8dc6e7559df54=8
STMicroelectronics.X-CUBE-AI.3.4.0.ModelCompression-dd103f372474686655e8f08ceba733cd083a7ef61c20dc218bef21baed7736ec=8
STMicroelectronics.X-CUBE-AI.3.4.0.ModelCompression-f97b349ae12deeb151b39ae08271a7decb0e3c7ddfbc5222636caf6c63d8d50c=8
STMicroelectronics.X-CUBE-AI.3.4.0.ModelFlashOccupation-279e939207d2805e6d59dcfed7d60f76b560a7d9936419d2457befb14c853c5b=456190
STMicroelectronics.X-CUBE-AI.3.4.0.ModelFlashOccupation-3bfd832f0565daf9f599c7fe80fa811d022cc2d6e2af297d56c82366901e9a92=98069
STMicroelectronics.X-CUBE-AI.3.4.0.ModelFlashOccupation-47026d094f7e3cdbe5ec606fc76006de87933144c50db79d6a224efe7b84a333=196070
STMicroelectronics.X-CUBE-AI.3.4.0.ModelFlashOccupation-6142fee38e4207c6d9e2bf1d72acb1f6a76e06131f03ab7acb9a0808258bbc5e=456190
STMicroelectronics.X-CUBE-AI.3.4.0.ModelFlashOccupation-6edd66d7085dd6ab18023007a1bc6874764109f8b97d3de482ca06ca7347f383=197250
STMicroelectronics.X-CUBE-AI.3.4.0.ModelFlashOccupation-6fabe0c2ffc496baf61935854300b2dfb9e18f6846ec40da30694c6ac961ba22=74750
STMicroelectronics.X-CUBE-AI.3.4.0.ModelFlashOccupation-7a1f51335fcb79d3067ecba09896ac3e6eb6cb23b8936de40b35418bda73bbc9=131130
STMicroelectronics.X-CUBE-AI.3.4.0.ModelFlashOccupation-7c4202cacaa278e6c5869f73a98cefaa30e1f20d5d5ed6258b9848eec8e2fb3b=586250
STMicroelectronics.X-CUBE-AI.3.4.0.ModelFlashOccupation-8ccb89b114f39cb0f14d913b0eb549ce2201fb20fc49fd9bbf16b7b972c5b815=153690
STMicroelectronics.X-CUBE-AI.3.4.0.ModelFlashOccupation-b909f3dee4799c3e5c7804ee5015e96edfac3d1b2f7b1196c91bab7c0803bf43=57630
STMicroelectronics.X-CUBE-AI.3.4.0.ModelFlashOccupation-d2ea650c346fe3a94151f6635c896659acd63a4e2a80fab44753102e541f4ab6=26879
STMicroelectronics.X-CUBE-AI.3.4.0.ModelFlashOccupation-d863e4affacf98d3bff06a79dc1ed37d26f3a82c1db3f7ce48b50678fe6e496c=29190
STMicroelectronics.X-CUBE-AI.3.4.0.ModelFlashOccupation-dc2be20daaa1b5368fde0504d014f0c3fc4e198eef30cefc522a204db8927268=6769
STMicroelectronics.X-CUBE-AI.3.4.0.ModelFlashOccupation-dcc1fc6426e76516b8fdb565e869b2c048b8b9cfcffe9d23c4b8dc6e7559df54=31500
STMicroelectronics.X-CUBE-AI.3.4.0.ModelFlashOccupation-dd103f372474686655e8f08ceba733cd083a7ef61c20dc218bef21baed7736ec=326130
STMicroelectronics.X-CUBE-AI.3.4.0.ModelFlashOccupation-f97b349ae12deeb151b39ae08271a7decb0e3c7ddfbc5222636caf6c63d8d50c=66190
STMicroelectronics.X-CUBE-AI.3.4.0.ModelHashList=dc2be20daaa1b5368fde0504d014f0c3fc4e198eef30cefc522a204db8927268
STMicroelectronics.X-CUBE-AI.3.4.0.ModelKind-279e939207d2805e6d59dcfed7d60f76b560a7d9936419d2457befb14c853c5b=KERAS
STMicroelectronics.X-CUBE-AI.3.4.0.ModelKind-3bfd832f0565daf9f599c7fe80fa811d022cc2d6e2af297d56c82366901e9a92=KERAS
STMicroelectronics.X-CUBE-AI.3.4.0.ModelKind-47026d094f7e3cdbe5ec606fc76006de87933144c50db79d6a224efe7b84a333=KERAS
STMicroelectronics.X-CUBE-AI.3.4.0.ModelKind-6142fee38e4207c6d9e2bf1d72acb1f6a76e06131f03ab7acb9a0808258bbc5e=KERAS
STMicroelectronics.X-CUBE-AI.3.4.0.ModelKind-6edd66d7085dd6ab18023007a1bc6874764109f8b97d3de482ca06ca7347f383=KERAS
STMicroelectronics.X-CUBE-AI.3.4.0.ModelKind-6fabe0c2ffc496baf61935854300b2dfb9e18f6846ec40da30694c6ac961ba22=KERAS
STMicroelectronics.X-CUBE-AI.3.4.0.ModelKind-7a1f51335fcb79d3067ecba09896ac3e6eb6cb23b8936de40b35418bda73bbc9=KERAS
STMicroelectronics.X-CUBE-AI.3.4.0.ModelKind-7c4202cacaa278e6c5869f73a98cefaa30e1f20d5d5ed6258b9848eec8e2fb3b=KERAS
STMicroelectronics.X-CUBE-AI.3.4.0.ModelKind-8ccb89b114f39cb0f14d913b0eb549ce2201fb20fc49fd9bbf16b7b972c5b815=KERAS
STMicroelectronics.X-CUBE-AI.3.4.0.ModelKind-b909f3dee4799c3e5c7804ee5015e96edfac3d1b2f7b1196c91bab7c0803bf43=KERAS
STMicroelectronics.X-CUBE-AI.3.4.0.ModelKind-d2ea650c346fe3a94151f6635c896659acd63a4e2a80fab44753102e541f4ab6=KERAS
STMicroelectronics.X-CUBE-AI.3.4.0.ModelKind-d863e4affacf98d3bff06a79dc1ed37d26f3a82c1db3f7ce48b50678fe6e496c=KERAS
STMicroelectronics.X-CUBE-AI.3.4.0.ModelKind-dc2be20daaa1b5368fde0504d014f0c3fc4e198eef30cefc522a204db8927268=KERAS
STMicroelectronics.X-CUBE-AI.3.4.0.ModelKind-dcc1fc6426e76516b8fdb565e869b2c048b8b9cfcffe9d23c4b8dc6e7559df54=KERAS
STMicroelectronics.X-CUBE-AI.3.4.0.ModelKind-dd103f372474686655e8f08ceba733cd083a7ef61c20dc218bef21baed7736ec=KERAS
STMicroelectronics.X-CUBE-AI.3.4.0.ModelKind-f97b349ae12deeb151b39ae08271a7decb0e3c7ddfbc5222636caf6c63d8d50c=KERAS
STMicroelectronics.X-CUBE-AI.3.4.0.ModelMacc-279e939207d2805e6d59dcfed7d60f76b560a7d9936419d2457befb14c853c5b=919553
STMicroelectronics.X-CUBE-AI.3.4.0.ModelMacc-3bfd832f0565daf9f599c7fe80fa811d022cc2d6e2af297d56c82366901e9a92=197121
STMicroelectronics.X-CUBE-AI.3.4.0.ModelMacc-47026d094f7e3cdbe5ec606fc76006de87933144c50db79d6a224efe7b84a333=394241
STMicroelectronics.X-CUBE-AI.3.4.0.ModelMacc-6142fee38e4207c6d9e2bf1d72acb1f6a76e06131f03ab7acb9a0808258bbc5e=919553
STMicroelectronics.X-CUBE-AI.3.4.0.ModelMacc-6edd66d7085dd6ab18023007a1bc6874764109f8b97d3de482ca06ca7347f383=394497
STMicroelectronics.X-CUBE-AI.3.4.0.ModelMacc-6fabe0c2ffc496baf61935854300b2dfb9e18f6846ec40da30694c6ac961ba22=148097
STMicroelectronics.X-CUBE-AI.3.4.0.ModelMacc-7a1f51335fcb79d3067ecba09896ac3e6eb6cb23b8936de40b35418bda73bbc9=262913
STMicroelectronics.X-CUBE-AI.3.4.0.ModelMacc-7c4202cacaa278e6c5869f73a98cefaa30e1f20d5d5ed6258b9848eec8e2fb3b=1182209
STMicroelectronics.X-CUBE-AI.3.4.0.ModelMacc-8ccb89b114f39cb0f14d913b0eb549ce2201fb20fc49fd9bbf16b7b972c5b815=313729
STMicroelectronics.X-CUBE-AI.3.4.0.ModelMacc-b909f3dee4799c3e5c7804ee5015e96edfac3d1b2f7b1196c91bab7c0803bf43=115073
STMicroelectronics.X-CUBE-AI.3.4.0.ModelMacc-d2ea650c346fe3a94151f6635c896659acd63a4e2a80fab44753102e541f4ab6=53441
STMicroelectronics.X-CUBE-AI.3.4.0.ModelMacc-d863e4affacf98d3bff06a79dc1ed37d26f3a82c1db3f7ce48b50678fe6e496c=57601
STMicroelectronics.X-CUBE-AI.3.4.0.ModelMacc-dc2be20daaa1b5368fde0504d014f0c3fc4e198eef30cefc522a204db8927268=656921
STMicroelectronics.X-CUBE-AI.3.4.0.ModelMacc-dcc1fc6426e76516b8fdb565e869b2c048b8b9cfcffe9d23c4b8dc6e7559df54=61761
STMicroelectronics.X-CUBE-AI.3.4.0.ModelMacc-dd103f372474686655e8f08ceba733cd083a7ef61c20dc218bef21baed7736ec=656897
STMicroelectronics.X-CUBE-AI.3.4.0.ModelMacc-f97b349ae12deeb151b39ae08271a7decb0e3c7ddfbc5222636caf6c63d8d50c=131585
STMicroelectronics.X-CUBE-AI.3.4.0.ModelName-279e939207d2805e6d59dcfed7d60f76b560a7d9936419d2457befb14c853c5b=fnn_l3_512n
STMicroelectronics.X-CUBE-AI.3.4.0.ModelName-3bfd832f0565daf9f599c7fe80fa811d022cc2d6e2af297d56c82366901e9a92=fnn_1l_256n
STMicroelectronics.X-CUBE-AI.3.4.0.ModelName-47026d094f7e3cdbe5ec606fc76006de87933144c50db79d6a224efe7b84a333=fnn_1l_512n
STMicroelectronics.X-CUBE-AI.3.4.0.ModelName-6142fee38e4207c6d9e2bf1d72acb1f6a76e06131f03ab7acb9a0808258bbc5e=fnn_l3_264n
STMicroelectronics.X-CUBE-AI.3.4.0.ModelName-6edd66d7085dd6ab18023007a1bc6874764109f8b97d3de482ca06ca7347f383=fnn_l4_256
STMicroelectronics.X-CUBE-AI.3.4.0.ModelName-6fabe0c2ffc496baf61935854300b2dfb9e18f6846ec40da30694c6ac961ba22=fnn_l4_128n
STMicroelectronics.X-CUBE-AI.3.4.0.ModelName-7a1f51335fcb79d3067ecba09896ac3e6eb6cb23b8936de40b35418bda73bbc9=fnn_l2_256n
STMicroelectronics.X-CUBE-AI.3.4.0.ModelName-7c4202cacaa278e6c5869f73a98cefaa30e1f20d5d5ed6258b9848eec8e2fb3b=fnn_l4_512
STMicroelectronics.X-CUBE-AI.3.4.0.ModelName-8ccb89b114f39cb0f14d913b0eb549ce2201fb20fc49fd9bbf16b7b972c5b815=fnn_1l_64n
STMicroelectronics.X-CUBE-AI.3.4.0.ModelName-b909f3dee4799c3e5c7804ee5015e96edfac3d1b2f7b1196c91bab7c0803bf43=fnn_l2_128n
STMicroelectronics.X-CUBE-AI.3.4.0.ModelName-d2ea650c346fe3a94151f6635c896659acd63a4e2a80fab44753102e541f4ab6=fnn_l2_64n
STMicroelectronics.X-CUBE-AI.3.4.0.ModelName-d863e4affacf98d3bff06a79dc1ed37d26f3a82c1db3f7ce48b50678fe6e496c=fnn_l3_64n
STMicroelectronics.X-CUBE-AI.3.4.0.ModelName-dc2be20daaa1b5368fde0504d014f0c3fc4e198eef30cefc522a204db8927268=cnn_k3_f6_l3
STMicroelectronics.X-CUBE-AI.3.4.0.ModelName-dcc1fc6426e76516b8fdb565e869b2c048b8b9cfcffe9d23c4b8dc6e7559df54=fnn_l4_64n
STMicroelectronics.X-CUBE-AI.3.4.0.ModelName-dd103f372474686655e8f08ceba733cd083a7ef61c20dc218bef21baed7736ec=fnn_l2_512n
STMicroelectronics.X-CUBE-AI.3.4.0.ModelName-f97b349ae12deeb151b39ae08271a7decb0e3c7ddfbc5222636caf6c63d8d50c=fnn_l3_128n
STMicroelectronics.X-CUBE-AI.3.4.0.ModelNameList=cnn_k3_f6_l3
STMicroelectronics.X-CUBE-AI.3.4.0.ModelRamOccupation-279e939207d2805e6d59dcfed7d60f76b560a7d9936419d2457befb14c853c5b=4000
STMicroelectronics.X-CUBE-AI.3.4.0.ModelRamOccupation-3bfd832f0565daf9f599c7fe80fa811d022cc2d6e2af297d56c82366901e9a92=1009
STMicroelectronics.X-CUBE-AI.3.4.0.ModelRamOccupation-47026d094f7e3cdbe5ec606fc76006de87933144c50db79d6a224efe7b84a333=2009
STMicroelectronics.X-CUBE-AI.3.4.0.ModelRamOccupation-6142fee38e4207c6d9e2bf1d72acb1f6a76e06131f03ab7acb9a0808258bbc5e=4000
STMicroelectronics.X-CUBE-AI.3.4.0.ModelRamOccupation-6edd66d7085dd6ab18023007a1bc6874764109f8b97d3de482ca06ca7347f383=2000
STMicroelectronics.X-CUBE-AI.3.4.0.ModelRamOccupation-6fabe0c2ffc496baf61935854300b2dfb9e18f6846ec40da30694c6ac961ba22=1000
STMicroelectronics.X-CUBE-AI.3.4.0.ModelRamOccupation-7a1f51335fcb79d3067ecba09896ac3e6eb6cb23b8936de40b35418bda73bbc9=2000
STMicroelectronics.X-CUBE-AI.3.4.0.ModelRamOccupation-7c4202cacaa278e6c5869f73a98cefaa30e1f20d5d5ed6258b9848eec8e2fb3b=4000
STMicroelectronics.X-CUBE-AI.3.4.0.ModelRamOccupation-8ccb89b114f39cb0f14d913b0eb549ce2201fb20fc49fd9bbf16b7b972c5b815=264
STMicroelectronics.X-CUBE-AI.3.4.0.ModelRamOccupation-b909f3dee4799c3e5c7804ee5015e96edfac3d1b2f7b1196c91bab7c0803bf43=1000
STMicroelectronics.X-CUBE-AI.3.4.0.ModelRamOccupation-d2ea650c346fe3a94151f6635c896659acd63a4e2a80fab44753102e541f4ab6=516
STMicroelectronics.X-CUBE-AI.3.4.0.ModelRamOccupation-d863e4affacf98d3bff06a79dc1ed37d26f3a82c1db3f7ce48b50678fe6e496c=516
STMicroelectronics.X-CUBE-AI.3.4.0.ModelRamOccupation-dc2be20daaa1b5368fde0504d014f0c3fc4e198eef30cefc522a204db8927268=38130
STMicroelectronics.X-CUBE-AI.3.4.0.ModelRamOccupation-dcc1fc6426e76516b8fdb565e869b2c048b8b9cfcffe9d23c4b8dc6e7559df54=516
STMicroelectronics.X-CUBE-AI.3.4.0.ModelRamOccupation-dd103f372474686655e8f08ceba733cd083a7ef61c20dc218bef21baed7736ec=4000
STMicroelectronics.X-CUBE-AI.3.4.0.ModelRamOccupation-f97b349ae12deeb151b39ae08271a7decb0e3c7ddfbc5222636caf6c63d8d50c=1000
STMicroelectronics.X-CUBE-AI.3.4.0.ModelStructureFile-279e939207d2805e6d59dcfed7d60f76b560a7d9936419d2457befb14c853c5b=/Users/metwaly_aly/Documents/Fujtsu_laptop/aly_metwaly/ffn/ffn_3_layer_512.h5
STMicroelectronics.X-CUBE-AI.3.4.0.ModelStructureFile-3bfd832f0565daf9f599c7fe80fa811d022cc2d6e2af297d56c82366901e9a92=/Users/metwaly_aly/Documents/Fujtsu_laptop/aly_metwaly/ffn/ffn_1_layer_256.h5
STMicroelectronics.X-CUBE-AI.3.4.0.ModelStructureFile-47026d094f7e3cdbe5ec606fc76006de87933144c50db79d6a224efe7b84a333=/Users/metwaly_aly/Documents/Fujtsu_laptop/aly_metwaly/ffn/ffn_1_layer_512.h5
STMicroelectronics.X-CUBE-AI.3.4.0.ModelStructureFile-6142fee38e4207c6d9e2bf1d72acb1f6a76e06131f03ab7acb9a0808258bbc5e=/Users/metwaly_aly/Documents/Fujtsu_laptop/aly_metwaly/ffn/ffn_3_layer_512.h5
STMicroelectronics.X-CUBE-AI.3.4.0.ModelStructureFile-6edd66d7085dd6ab18023007a1bc6874764109f8b97d3de482ca06ca7347f383=/Users/metwaly_aly/Documents/Fujtsu_laptop/aly_metwaly/ffn/ffn_4_layer_256.h5
STMicroelectronics.X-CUBE-AI.3.4.0.ModelStructureFile-6fabe0c2ffc496baf61935854300b2dfb9e18f6846ec40da30694c6ac961ba22=/Users/metwaly_aly/Documents/Fujtsu_laptop/aly_metwaly/ffn/ffn_4_layer_128.h5
STMicroelectronics.X-CUBE-AI.3.4.0.ModelStructureFile-7a1f51335fcb79d3067ecba09896ac3e6eb6cb23b8936de40b35418bda73bbc9=/Users/metwaly_aly/Documents/Fujtsu_laptop/aly_metwaly/ffn/ffn_2_layer_256.h5
STMicroelectronics.X-CUBE-AI.3.4.0.ModelStructureFile-7c4202cacaa278e6c5869f73a98cefaa30e1f20d5d5ed6258b9848eec8e2fb3b=/Users/metwaly_aly/Documents/Fujtsu_laptop/aly_metwaly/ffn/ffn_4_layer_512.h5
STMicroelectronics.X-CUBE-AI.3.4.0.ModelStructureFile-8ccb89b114f39cb0f14d913b0eb549ce2201fb20fc49fd9bbf16b7b972c5b815=/Users/metwaly_aly/OneDrive - Helvar Oy Ab/Radar/Radar_AWS/models/FNN/ffn_batch_256_layers_1_neurons_64.h5
STMicroelectronics.X-CUBE-AI.3.4.0.ModelStructureFile-b909f3dee4799c3e5c7804ee5015e96edfac3d1b2f7b1196c91bab7c0803bf43=/Users/metwaly_aly/Documents/Fujtsu_laptop/aly_metwaly/ffn/ffn_2_layer_128.h5
STMicroelectronics.X-CUBE-AI.3.4.0.ModelStructureFile-d2ea650c346fe3a94151f6635c896659acd63a4e2a80fab44753102e541f4ab6=/Users/metwaly_aly/Documents/Fujtsu_laptop/aly_metwaly/ffn/ffn_2_layer_64.h5
STMicroelectronics.X-CUBE-AI.3.4.0.ModelStructureFile-d863e4affacf98d3bff06a79dc1ed37d26f3a82c1db3f7ce48b50678fe6e496c=/Users/metwaly_aly/Documents/Fujtsu_laptop/aly_metwaly/ffn/ffn_3_layer_64.h5
STMicroelectronics.X-CUBE-AI.3.4.0.ModelStructureFile-dc2be20daaa1b5368fde0504d014f0c3fc4e198eef30cefc522a204db8927268=/Users/metwaly_aly/OneDrive - Helvar Oy Ab/Melexis/new_test_set/models/original_data/cnn_batch_128_filters_8_kernel_3_layers_3.h5
STMicroelectronics.X-CUBE-AI.3.4.0.ModelStructureFile-dcc1fc6426e76516b8fdb565e869b2c048b8b9cfcffe9d23c4b8dc6e7559df54=/Users/metwaly_aly/Documents/Fujtsu_laptop/aly_metwaly/ffn/ffn_4_layer_64.h5
STMicroelectronics.X-CUBE-AI.3.4.0.ModelStructureFile-dd103f372474686655e8f08ceba733cd083a7ef61c20dc218bef21baed7736ec=/Users/metwaly_aly/Documents/Fujtsu_laptop/aly_metwaly/ffn/ffn_2_layer_512.h5
STMicroelectronics.X-CUBE-AI.3.4.0.ModelStructureFile-f97b349ae12deeb151b39ae08271a7decb0e3c7ddfbc5222636caf6c63d8d50c=/Users/metwaly_aly/Documents/Fujtsu_laptop/aly_metwaly/ffn/ffn_3_layer_128.h5
STMicroelectronics.X-CUBE-AI.3.4.0.ModelType-279e939207d2805e6d59dcfed7d60f76b560a7d9936419d2457befb14c853c5b=Saved model
STMicroelectronics.X-CUBE-AI.3.4.0.ModelType-3bfd832f0565daf9f599c7fe80fa811d022cc2d6e2af297d56c82366901e9a92=Model and Topology
STMicroelectronics.X-CUBE-AI.3.4.0.ModelType-47026d094f7e3cdbe5ec606fc76006de87933144c50db79d6a224efe7b84a333=Model and Topology
STMicroelectronics.X-CUBE-AI.3.4.0.ModelType-6142fee38e4207c6d9e2bf1d72acb1f6a76e06131f03ab7acb9a0808258bbc5e=Saved model
STMicroelectronics.X-CUBE-AI.3.4.0.ModelType-6edd66d7085dd6ab18023007a1bc6874764109f8b97d3de482ca06ca7347f383=Saved model
STMicroelectronics.X-CUBE-AI.3.4.0.ModelType-6fabe0c2ffc496baf61935854300b2dfb9e18f6846ec40da30694c6ac961ba22=Saved model
STMicroelectronics.X-CUBE-AI.3.4.0.ModelType-7a1f51335fcb79d3067ecba09896ac3e6eb6cb23b8936de40b35418bda73bbc9=Saved model
STMicroelectronics.X-CUBE-AI.3.4.0.ModelType-7c4202cacaa278e6c5869f73a98cefaa30e1f20d5d5ed6258b9848eec8e2fb3b=Saved model
STMicroelectronics.X-CUBE-AI.3.4.0.ModelType-8ccb89b114f39cb0f14d913b0eb549ce2201fb20fc49fd9bbf16b7b972c5b815=Saved model
STMicroelectronics.X-CUBE-AI.3.4.0.ModelType-b909f3dee4799c3e5c7804ee5015e96edfac3d1b2f7b1196c91bab7c0803bf43=Saved model
STMicroelectronics.X-CUBE-AI.3.4.0.ModelType-d2ea650c346fe3a94151f6635c896659acd63a4e2a80fab44753102e541f4ab6=Saved model
STMicroelectronics.X-CUBE-AI.3.4.0.ModelType-d863e4affacf98d3bff06a79dc1ed37d26f3a82c1db3f7ce48b50678fe6e496c=Saved model
STMicroelectronics.X-CUBE-AI.3.4.0.ModelType-dc2be20daaa1b5368fde0504d014f0c3fc4e198eef30cefc522a204db8927268=Saved model
STMicroelectronics.X-CUBE-AI.3.4.0.ModelType-dcc1fc6426e76516b8fdb565e869b2c048b8b9cfcffe9d23c4b8dc6e7559df54=Saved model
STMicroelectronics.X-CUBE-AI.3.4.0.ModelType-dd103f372474686655e8f08ceba733cd083a7ef61c20dc218bef21baed7736ec=Saved model
STMicroelectronics.X-CUBE-AI.3.4.0.ModelType-f97b349ae12deeb151b39ae08271a7decb0e3c7ddfbc5222636caf6c63d8d50c=Saved model
STMicroelectronics.X-CUBE-AI.3.4.0.StackSize=0x4000
STMicroelectronics.X-CUBE-AI.3.4.0.XAaCUBEAaAICcArtificialOoIntelligenceJjCore=true
STMicroelectronics.X-CUBE-AI.3.4.00.BSP.STBoard=false
STMicroelectronics.X-CUBE-AI.3.4.00.BSP.api=Unknown
STMicroelectronics.X-CUBE-AI.3.4.00.BSP.component=
STMicroelectronics.X-CUBE-AI.3.4.00.BSP.condition=
STMicroelectronics.X-CUBE-AI.3.4.00.BSP.i2caddr=0
STMicroelectronics.X-CUBE-AI.3.4.00.BSP.i2creg=
STMicroelectronics.X-CUBE-AI.3.4.00.BSP.instance=USART3
STMicroelectronics.X-CUBE-AI.3.4.00.BSP.ip=USART
STMicroelectronics.X-CUBE-AI.3.4.00.BSP.mode=Asynchronous
STMicroelectronics.X-CUBE-AI.3.4.00.BSP.name=COM Port
STMicroelectronics.X-CUBE-AI.3.4.00.BSP.semaphore=
STMicroelectronics.X-CUBE-AI.3.4.00.BSP.solution=USART3
STMicroelectronics.X-CUBE-AI.3.4.0_ArtificialOoIntelligenceJjApplication_RteComponent0=\#define AI_SYSTEM_PERFORMANCE
STMicroelectronics.X-CUBE-AI.3.4.0_ArtificialOoIntelligenceJjApplication_RteComponentsize=1
STMicroelectronics.X-CUBE-AI.3.4.0_ArtificialOoIntelligenceJjXAaCUBEAaAI_RteComponentsize=0
STMicroelectronics.X-CUBE-AI.3.4.0_MwName0=X-CUBE-AI
STMicroelectronics.X-CUBE-AI.3.4.0_MwName1=Application
STMicroelectronics.X-CUBE-AI.3.4.0_NumberOfMw=2
STMicroelectronics.X-CUBE-AI.3.4.0_SwParameter=XAaCUBEAaAICcArtificialOoIntelligenceJjCore\:true;ApplicationCcArtificialOoIntelligenceJjApplication\:SystemPerformance;
STMicroelectronics.X-CUBE-AI.3.4.0_description=Artificial Intelligence
STMicroelectronics.X-CUBE-AI.3.4.0_license=SLA0048.txt
STMicroelectronics.X-CUBE-AI.3.4.0_supportedCore=Cortex-M4;Cortex-M7;
USART3.IPParameters=VirtualMode-Asynchronous
USART3.VirtualMode-Asynchronous=VM_ASYNC
VP_CRC_VS_CRC.Mode=CRC_Activate
VP_CRC_VS_CRC.Signal=CRC_VS_CRC
VP_STMicroelectronics.X-CUBE-AI_VS_ArtificialOoIntelligenceJjApplication_3.4.0.Mode=ArtificialOoIntelligenceJjApplication
VP_STMicroelectronics.X-CUBE-AI_VS_ArtificialOoIntelligenceJjApplication_3.4.0.Signal=STMicroelectronics.X-CUBE-AI_VS_ArtificialOoIntelligenceJjApplication_3.4.0
VP_STMicroelectronics.X-CUBE-AI_VS_ArtificialOoIntelligenceJjXAaCUBEAaAI_3.4.0.Mode=ArtificialOoIntelligenceJjXAaCUBEAaAI
VP_STMicroelectronics.X-CUBE-AI_VS_ArtificialOoIntelligenceJjXAaCUBEAaAI_3.4.0.Signal=STMicroelectronics.X-CUBE-AI_VS_ArtificialOoIntelligenceJjXAaCUBEAaAI_3.4.0
VP_SYS_VS_Systick.Mode=SysTick
VP_SYS_VS_Systick.Signal=SYS_VS_Systick
board=NUCLEO-F722ZE
boardIOC=true
