#MicroXplorer Configuration settings - do not modify
File.Version=6
KeepUserPlacement=true
Mcu.Family=STM32F4
Mcu.IP0=CRC
Mcu.IP1=I2C1
Mcu.IP2=NVIC
Mcu.IP3=RCC
Mcu.IP4=SYS
Mcu.IP5=USART2
Mcu.IPNb=6
Mcu.Name=STM32F401R(D-E)Tx
Mcu.Package=LQFP64
Mcu.Pin0=PC13-ANTI_TAMP
Mcu.Pin1=PC14-OSC32_IN
Mcu.Pin10=PB3
Mcu.Pin11=PB6
Mcu.Pin12=PB7
Mcu.Pin13=VP_CRC_VS_CRC
Mcu.Pin14=VP_SYS_VS_Systick
Mcu.Pin15=VP_STMicroelectronics.X-CUBE-AI_VS_ArtificialOoIntelligenceJjXAaCUBEAaAI_3.4.0
Mcu.Pin16=VP_STMicroelectronics.X-CUBE-AI_VS_ArtificialOoIntelligenceJjApplication_3.4.0
Mcu.Pin2=PC15-OSC32_OUT
Mcu.Pin3=PH0 - OSC_IN
Mcu.Pin4=PH1 - OSC_OUT
Mcu.Pin5=PA2
Mcu.Pin6=PA3
Mcu.Pin7=PA5
Mcu.Pin8=PA13
Mcu.Pin9=PA14
Mcu.PinsNb=17
Mcu.ThirdParty0=STMicroelectronics.X-CUBE-AI.3.4.0
Mcu.ThirdPartyNb=1
Mcu.UserConstants=
Mcu.UserName=STM32F401RETx
MxCube.Version=5.3.0
MxDb.Version=DB.5.0.30
NVIC.BusFault_IRQn=true\:0\:0\:false\:false\:true\:true\:false
NVIC.DebugMonitor_IRQn=true\:0\:0\:false\:false\:true\:true\:false
NVIC.HardFault_IRQn=true\:0\:0\:false\:false\:true\:true\:false
NVIC.MemoryManagement_IRQn=true\:0\:0\:false\:false\:true\:true\:false
NVIC.NonMaskableInt_IRQn=true\:0\:0\:false\:false\:true\:true\:false
NVIC.PendSV_IRQn=true\:0\:0\:false\:false\:true\:false\:false
NVIC.PriorityGroup=NVIC_PRIORITYGROUP_0
NVIC.SVCall_IRQn=true\:0\:0\:false\:false\:true\:false\:false
NVIC.SysTick_IRQn=true\:0\:0\:true\:false\:true\:true\:true
NVIC.UsageFault_IRQn=true\:0\:0\:false\:false\:true\:true\:false
PA13.GPIOParameters=GPIO_Label
PA13.GPIO_Label=TMS
PA13.Locked=true
PA13.Mode=Serial_Wire
PA13.Signal=SYS_JTMS-SWDIO
PA14.GPIOParameters=GPIO_Label
PA14.GPIO_Label=TCK
PA14.Locked=true
PA14.Mode=Serial_Wire
PA14.Signal=SYS_JTCK-SWCLK
PA2.GPIOParameters=GPIO_Speed,GPIO_PuPd,GPIO_Label,GPIO_Mode
PA2.GPIO_Label=USART_TX
PA2.GPIO_Mode=GPIO_MODE_AF_PP
PA2.GPIO_PuPd=GPIO_NOPULL
PA2.GPIO_Speed=GPIO_SPEED_FREQ_LOW
PA2.Locked=true
PA2.Mode=Asynchronous
PA2.Signal=USART2_TX
PA3.GPIOParameters=GPIO_Speed,GPIO_PuPd,GPIO_Label,GPIO_Mode
PA3.GPIO_Label=USART_RX
PA3.GPIO_Mode=GPIO_MODE_AF_PP
PA3.GPIO_PuPd=GPIO_NOPULL
PA3.GPIO_Speed=GPIO_SPEED_FREQ_LOW
PA3.Locked=true
PA3.Mode=Asynchronous
PA3.Signal=USART2_RX
PA5.GPIOParameters=GPIO_Speed,GPIO_PuPd,GPIO_Label,GPIO_Mode
PA5.GPIO_Label=LD2 [Green Led]
PA5.GPIO_Mode=GPIO_MODE_OUTPUT_PP
PA5.GPIO_PuPd=GPIO_NOPULL
PA5.GPIO_Speed=GPIO_SPEED_FREQ_LOW
PA5.Locked=true
PA5.Signal=GPIO_Output
PB3.GPIOParameters=GPIO_Label
PB3.GPIO_Label=SWO
PB3.Locked=true
PB3.Signal=SYS_JTDO-SWO
PB6.Mode=I2C
PB6.Signal=I2C1_SCL
PB7.Mode=I2C
PB7.Signal=I2C1_SDA
PC13-ANTI_TAMP.GPIOParameters=GPIO_PuPd,GPIO_Label,GPIO_ModeDefaultEXTI
PC13-ANTI_TAMP.GPIO_Label=B1 [Blue PushButton]
PC13-ANTI_TAMP.GPIO_ModeDefaultEXTI=GPIO_MODE_IT_FALLING
PC13-ANTI_TAMP.GPIO_PuPd=GPIO_NOPULL
PC13-ANTI_TAMP.Locked=true
PC13-ANTI_TAMP.Signal=GPXTI13
PC14-OSC32_IN.Locked=true
PC14-OSC32_IN.Mode=LSE-External-Oscillator
PC14-OSC32_IN.Signal=RCC_OSC32_IN
PC15-OSC32_OUT.Locked=true
PC15-OSC32_OUT.Mode=LSE-External-Oscillator
PC15-OSC32_OUT.Signal=RCC_OSC32_OUT
PCC.Checker=false
PCC.Line=STM32F401
PCC.MCU=STM32F401R(D-E)Tx
PCC.PartNumber=STM32F401RETx
PCC.Seq0=0
PCC.Series=STM32F4
PCC.Temperature=25
PCC.Vdd=3.3
PH0\ -\ OSC_IN.Locked=true
PH0\ -\ OSC_IN.Mode=HSE-External-Clock-Source
PH0\ -\ OSC_IN.Signal=RCC_OSC_IN
PH1\ -\ OSC_OUT.Locked=true
PH1\ -\ OSC_OUT.Mode=HSE-External-Clock-Source
PH1\ -\ OSC_OUT.Signal=RCC_OSC_OUT
PinOutPanel.RotationAngle=0
ProjectManager.AskForMigrate=true
ProjectManager.BackupPrevious=false
ProjectManager.CompilerOptimize=6
ProjectManager.ComputerToolchain=false
ProjectManager.CoupleFile=false
ProjectManager.CustomerFirmwarePackage=
ProjectManager.DefaultFWLocation=true
ProjectManager.DeletePrevious=true
ProjectManager.DeviceId=STM32F401RETx
ProjectManager.FirmwarePackage=STM32Cube FW_F4 V1.24.1
ProjectManager.FreePins=false
ProjectManager.HalAssertFull=false
ProjectManager.HeapSize=0x2000
ProjectManager.KeepUserCode=true
ProjectManager.LastFirmware=true
ProjectManager.LibraryCopy=1
ProjectManager.MainLocation=Src
ProjectManager.NoMain=false
ProjectManager.PreviousToolchain=SW4STM32
ProjectManager.ProjectBuild=false
ProjectManager.ProjectFileName=gru_l1_n12.ioc
ProjectManager.ProjectName=gru_l1_n12
ProjectManager.StackSize=0x4000
ProjectManager.TargetToolchain=SW4STM32
ProjectManager.ToolChainLocation=
ProjectManager.UnderRoot=true
ProjectManager.functionlistsort=1-MX_GPIO_Init-GPIO-false-HAL-true,2-SystemClock_Config-RCC-false-HAL-false,3-MX_CRC_Init-CRC-false-HAL-true,4-MX_USART2_UART_Init-USART2-true-HAL-false,5-MX_I2C1_Init-I2C1-false-HAL-true,6-MX_X_CUBE_AI_Init-STMicroelectronics.X-CUBE-AI.3.4.0-false-HAL-true,7-MX_X_CUBE_AI_Process-STMicroelectronics.X-CUBE-AI.3.4.0-false-HAL-true
RCC.48MHZClocksFreq_Value=48000000
RCC.AHBFreq_Value=84000000
RCC.APB1CLKDivider=RCC_HCLK_DIV2
RCC.APB1Freq_Value=42000000
RCC.APB1TimFreq_Value=84000000
RCC.APB2Freq_Value=84000000
RCC.APB2TimFreq_Value=84000000
RCC.CortexFreq_Value=84000000
RCC.FCLKCortexFreq_Value=84000000
RCC.HCLKFreq_Value=84000000
RCC.HSE_VALUE=8000000
RCC.HSI_VALUE=16000000
RCC.I2SClocksFreq_Value=96000000
RCC.IPParameters=48MHZClocksFreq_Value,AHBFreq_Value,APB1CLKDivider,APB1Freq_Value,APB1TimFreq_Value,APB2Freq_Value,APB2TimFreq_Value,CortexFreq_Value,FCLKCortexFreq_Value,HCLKFreq_Value,HSE_VALUE,HSI_VALUE,I2SClocksFreq_Value,LSI_VALUE,MCO2PinFreq_Value,PLLCLKFreq_Value,PLLN,PLLP,PLLQ,PLLQCLKFreq_Value,RTCFreq_Value,RTCHSEDivFreq_Value,SYSCLKFreq_VALUE,SYSCLKSource,VCOI2SOutputFreq_Value,VCOInputFreq_Value,VCOOutputFreq_Value,VcooutputI2S
RCC.LSI_VALUE=32000
RCC.MCO2PinFreq_Value=84000000
RCC.PLLCLKFreq_Value=84000000
RCC.PLLN=336
RCC.PLLP=RCC_PLLP_DIV4
RCC.PLLQ=7
RCC.PLLQCLKFreq_Value=48000000
RCC.RTCFreq_Value=32000
RCC.RTCHSEDivFreq_Value=4000000
RCC.SYSCLKFreq_VALUE=84000000
RCC.SYSCLKSource=RCC_SYSCLKSOURCE_PLLCLK
RCC.VCOI2SOutputFreq_Value=192000000
RCC.VCOInputFreq_Value=1000000
RCC.VCOOutputFreq_Value=336000000
RCC.VcooutputI2S=96000000
SH.GPXTI13.0=GPIO_EXTI13
SH.GPXTI13.ConfNb=1
STMicroelectronics.X-CUBE-AI.3.4.0.ApplicationCcArtificialOoIntelligenceJjApplication=SystemPerformance
STMicroelectronics.X-CUBE-AI.3.4.0.ArtificialOoIntelligenceJjApplication.cmp_version0=3.4.0
STMicroelectronics.X-CUBE-AI.3.4.0.ArtificialOoIntelligenceJjApplication.component0=Artificial Intelligence
STMicroelectronics.X-CUBE-AI.3.4.0.ArtificialOoIntelligenceJjApplication.description0=AI Application,System Performance
STMicroelectronics.X-CUBE-AI.3.4.0.ArtificialOoIntelligenceJjApplication.diagnostic0=This component should operate correctly.
STMicroelectronics.X-CUBE-AI.3.4.0.ArtificialOoIntelligenceJjApplication.documentation0=readme.txt
STMicroelectronics.X-CUBE-AI.3.4.0.ArtificialOoIntelligenceJjApplication.group0=Application
STMicroelectronics.X-CUBE-AI.3.4.0.ArtificialOoIntelligenceJjApplication.paramName0=ApplicationCcArtificialOoIntelligenceJjApplication
STMicroelectronics.X-CUBE-AI.3.4.0.ArtificialOoIntelligenceJjApplication.sevirity0=none
STMicroelectronics.X-CUBE-AI.3.4.0.ArtificialOoIntelligenceJjApplication.variant0=SystemPerformance
STMicroelectronics.X-CUBE-AI.3.4.0.ArtificialOoIntelligenceJjApplication_Checked=true
STMicroelectronics.X-CUBE-AI.3.4.0.ArtificialOoIntelligenceJjApplication_bundle=Application
STMicroelectronics.X-CUBE-AI.3.4.0.ArtificialOoIntelligenceJjApplication_class=ArtificialOoIntelligence
STMicroelectronics.X-CUBE-AI.3.4.0.ArtificialOoIntelligenceJjApplication_name=X-CUBE-AI
STMicroelectronics.X-CUBE-AI.3.4.0.ArtificialOoIntelligenceJjApplication_size=1
STMicroelectronics.X-CUBE-AI.3.4.0.ArtificialOoIntelligenceJjApplication_vendor=STMicroelectronics
STMicroelectronics.X-CUBE-AI.3.4.0.ArtificialOoIntelligenceJjApplication_version=3.4.0
STMicroelectronics.X-CUBE-AI.3.4.0.ArtificialOoIntelligenceJjXAaCUBEAaAI.cmp_version0=3.4.0
STMicroelectronics.X-CUBE-AI.3.4.0.ArtificialOoIntelligenceJjXAaCUBEAaAI.component0=Artificial Intelligence
STMicroelectronics.X-CUBE-AI.3.4.0.ArtificialOoIntelligenceJjXAaCUBEAaAI.description0=AI Core,Artificial Intelligence for STM32
STMicroelectronics.X-CUBE-AI.3.4.0.ArtificialOoIntelligenceJjXAaCUBEAaAI.diagnostic0=This component should operate correctly.
STMicroelectronics.X-CUBE-AI.3.4.0.ArtificialOoIntelligenceJjXAaCUBEAaAI.documentation0=readme.txt
STMicroelectronics.X-CUBE-AI.3.4.0.ArtificialOoIntelligenceJjXAaCUBEAaAI.group0=Core
STMicroelectronics.X-CUBE-AI.3.4.0.ArtificialOoIntelligenceJjXAaCUBEAaAI.paramName0=XAaCUBEAaAICcArtificialOoIntelligenceJjCore
STMicroelectronics.X-CUBE-AI.3.4.0.ArtificialOoIntelligenceJjXAaCUBEAaAI.sevirity0=none
STMicroelectronics.X-CUBE-AI.3.4.0.ArtificialOoIntelligenceJjXAaCUBEAaAI_Checked=true
STMicroelectronics.X-CUBE-AI.3.4.0.ArtificialOoIntelligenceJjXAaCUBEAaAI_bundle=X-CUBE-AI
STMicroelectronics.X-CUBE-AI.3.4.0.ArtificialOoIntelligenceJjXAaCUBEAaAI_class=ArtificialOoIntelligence
STMicroelectronics.X-CUBE-AI.3.4.0.ArtificialOoIntelligenceJjXAaCUBEAaAI_name=X-CUBE-AI
STMicroelectronics.X-CUBE-AI.3.4.0.ArtificialOoIntelligenceJjXAaCUBEAaAI_size=1
STMicroelectronics.X-CUBE-AI.3.4.0.ArtificialOoIntelligenceJjXAaCUBEAaAI_vendor=STMicroelectronics
STMicroelectronics.X-CUBE-AI.3.4.0.ArtificialOoIntelligenceJjXAaCUBEAaAI_version=3.4.0
STMicroelectronics.X-CUBE-AI.3.4.0.BSP.number=1
STMicroelectronics.X-CUBE-AI.3.4.0.HeapSize=0x2000
STMicroelectronics.X-CUBE-AI.3.4.0.IPParameters=XAaCUBEAaAICcArtificialOoIntelligenceJjCore,ApplicationCcArtificialOoIntelligenceJjApplication,ModelHashList,ModelNameList,ModelName-60423bab84e63d30d62dc3f173754bfa1d6fcb865b35e988091dab5cbcc6ec72,ModelActualCompression-60423bab84e63d30d62dc3f173754bfa1d6fcb865b35e988091dab5cbcc6ec72,ModelCompression-60423bab84e63d30d62dc3f173754bfa1d6fcb865b35e988091dab5cbcc6ec72,ModelRamOccupation-60423bab84e63d30d62dc3f173754bfa1d6fcb865b35e988091dab5cbcc6ec72,ModelType-60423bab84e63d30d62dc3f173754bfa1d6fcb865b35e988091dab5cbcc6ec72,ModelKind-60423bab84e63d30d62dc3f173754bfa1d6fcb865b35e988091dab5cbcc6ec72,ModelStructureFile-60423bab84e63d30d62dc3f173754bfa1d6fcb865b35e988091dab5cbcc6ec72,ModelName-8328d655b4684f8fd0af6e883d8eb0baeae7e6ee45d0b31c43a2d4c55ca8c58f,ModelActualCompression-8328d655b4684f8fd0af6e883d8eb0baeae7e6ee45d0b31c43a2d4c55ca8c58f,ModelCompression-8328d655b4684f8fd0af6e883d8eb0baeae7e6ee45d0b31c43a2d4c55ca8c58f,ModelRamOccupation-8328d655b4684f8fd0af6e883d8eb0baeae7e6ee45d0b31c43a2d4c55ca8c58f,ModelName-eaa4dbb50f7e55cf418e7604095da5f27c60d98579f82e636c7acad9b9e0cc9d,ModelActualCompression-eaa4dbb50f7e55cf418e7604095da5f27c60d98579f82e636c7acad9b9e0cc9d,ModelCompression-eaa4dbb50f7e55cf418e7604095da5f27c60d98579f82e636c7acad9b9e0cc9d,ModelRamOccupation-eaa4dbb50f7e55cf418e7604095da5f27c60d98579f82e636c7acad9b9e0cc9d,ModelType-8328d655b4684f8fd0af6e883d8eb0baeae7e6ee45d0b31c43a2d4c55ca8c58f,ModelKind-8328d655b4684f8fd0af6e883d8eb0baeae7e6ee45d0b31c43a2d4c55ca8c58f,ModelStructureFile-8328d655b4684f8fd0af6e883d8eb0baeae7e6ee45d0b31c43a2d4c55ca8c58f,ModelName-eb36fff5ecdd041139d5065a4ffc0284eb9d0bfefe3f94bea6bfe6d829c683f6,ModelActualCompression-eb36fff5ecdd041139d5065a4ffc0284eb9d0bfefe3f94bea6bfe6d829c683f6,ModelCompression-eb36fff5ecdd041139d5065a4ffc0284eb9d0bfefe3f94bea6bfe6d829c683f6,ModelRamOccupation-eb36fff5ecdd041139d5065a4ffc0284eb9d0bfefe3f94bea6bfe6d829c683f6,ModelType-eb36fff5ecdd041139d5065a4ffc0284eb9d0bfefe3f94bea6bfe6d829c683f6,ModelKind-eb36fff5ecdd041139d5065a4ffc0284eb9d0bfefe3f94bea6bfe6d829c683f6,ModelName-ad3d97246a71f772348e238be11d9c38735f0f3438b941530a5a824a859a3150,ModelActualCompression-ad3d97246a71f772348e238be11d9c38735f0f3438b941530a5a824a859a3150,ModelCompression-ad3d97246a71f772348e238be11d9c38735f0f3438b941530a5a824a859a3150,ModelRamOccupation-ad3d97246a71f772348e238be11d9c38735f0f3438b941530a5a824a859a3150,ModelType-ad3d97246a71f772348e238be11d9c38735f0f3438b941530a5a824a859a3150,ModelKind-ad3d97246a71f772348e238be11d9c38735f0f3438b941530a5a824a859a3150,ModelType-eaa4dbb50f7e55cf418e7604095da5f27c60d98579f82e636c7acad9b9e0cc9d,ModelKind-eaa4dbb50f7e55cf418e7604095da5f27c60d98579f82e636c7acad9b9e0cc9d,ModelStructureFile-eaa4dbb50f7e55cf418e7604095da5f27c60d98579f82e636c7acad9b9e0cc9d,ModelStructureFile-eb36fff5ecdd041139d5065a4ffc0284eb9d0bfefe3f94bea6bfe6d829c683f6,ModelFlashOccupation-eb36fff5ecdd041139d5065a4ffc0284eb9d0bfefe3f94bea6bfe6d829c683f6,ModelMacc-eb36fff5ecdd041139d5065a4ffc0284eb9d0bfefe3f94bea6bfe6d829c683f6,ModelFlashOccupation-eaa4dbb50f7e55cf418e7604095da5f27c60d98579f82e636c7acad9b9e0cc9d,ModelMacc-eaa4dbb50f7e55cf418e7604095da5f27c60d98579f82e636c7acad9b9e0cc9d,ModelFlashOccupation-8328d655b4684f8fd0af6e883d8eb0baeae7e6ee45d0b31c43a2d4c55ca8c58f,ModelMacc-8328d655b4684f8fd0af6e883d8eb0baeae7e6ee45d0b31c43a2d4c55ca8c58f,ModelFlashOccupation-60423bab84e63d30d62dc3f173754bfa1d6fcb865b35e988091dab5cbcc6ec72,ModelMacc-60423bab84e63d30d62dc3f173754bfa1d6fcb865b35e988091dab5cbcc6ec72,ModelName-b304958811a8f7185f59400a692d675a76a84ad8b18b279878ded74f3803a75c,ModelActualCompression-b304958811a8f7185f59400a692d675a76a84ad8b18b279878ded74f3803a75c,ModelCompression-b304958811a8f7185f59400a692d675a76a84ad8b18b279878ded74f3803a75c,ModelRamOccupation-b304958811a8f7185f59400a692d675a76a84ad8b18b279878ded74f3803a75c,ModelName-c8ee618b7b438fd0dbf6cdcd38eb6a34516aca9bf6860d10b5babcaa226f83d8,ModelActualCompression-c8ee618b7b438fd0dbf6cdcd38eb6a34516aca9bf6860d10b5babcaa226f83d8,ModelCompression-c8ee618b7b438fd0dbf6cdcd38eb6a34516aca9bf6860d10b5babcaa226f83d8,ModelRamOccupation-c8ee618b7b438fd0dbf6cdcd38eb6a34516aca9bf6860d10b5babcaa226f83d8,ModelType-c8ee618b7b438fd0dbf6cdcd38eb6a34516aca9bf6860d10b5babcaa226f83d8,ModelKind-c8ee618b7b438fd0dbf6cdcd38eb6a34516aca9bf6860d10b5babcaa226f83d8,ModelStructureFile-c8ee618b7b438fd0dbf6cdcd38eb6a34516aca9bf6860d10b5babcaa226f83d8,ModelType-b304958811a8f7185f59400a692d675a76a84ad8b18b279878ded74f3803a75c,ModelKind-b304958811a8f7185f59400a692d675a76a84ad8b18b279878ded74f3803a75c,ModelStructureFile-b304958811a8f7185f59400a692d675a76a84ad8b18b279878ded74f3803a75c,ModelFlashOccupation-b304958811a8f7185f59400a692d675a76a84ad8b18b279878ded74f3803a75c,ModelMacc-b304958811a8f7185f59400a692d675a76a84ad8b18b279878ded74f3803a75c,ModelFlashOccupation-c8ee618b7b438fd0dbf6cdcd38eb6a34516aca9bf6860d10b5babcaa226f83d8,ModelMacc-c8ee618b7b438fd0dbf6cdcd38eb6a34516aca9bf6860d10b5babcaa226f83d8,ModelName-0300c07a2a296530ba372e5e13f5f2596c9611665aa2a52101de376cc3cf4819,ModelActualCompression-0300c07a2a296530ba372e5e13f5f2596c9611665aa2a52101de376cc3cf4819,ModelCompression-0300c07a2a296530ba372e5e13f5f2596c9611665aa2a52101de376cc3cf4819,ModelRamOccupation-0300c07a2a296530ba372e5e13f5f2596c9611665aa2a52101de376cc3cf4819,ModelType-0300c07a2a296530ba372e5e13f5f2596c9611665aa2a52101de376cc3cf4819,ModelKind-0300c07a2a296530ba372e5e13f5f2596c9611665aa2a52101de376cc3cf4819,ModelStructureFile-0300c07a2a296530ba372e5e13f5f2596c9611665aa2a52101de376cc3cf4819,ModelFlashOccupation-0300c07a2a296530ba372e5e13f5f2596c9611665aa2a52101de376cc3cf4819,ModelMacc-0300c07a2a296530ba372e5e13f5f2596c9611665aa2a52101de376cc3cf4819,ModelName-520a5697816a877df81f409a956b638e542396f933aafe649fb24eb0bb01da1f,ModelActualCompression-520a5697816a877df81f409a956b638e542396f933aafe649fb24eb0bb01da1f,ModelCompression-520a5697816a877df81f409a956b638e542396f933aafe649fb24eb0bb01da1f,ModelRamOccupation-520a5697816a877df81f409a956b638e542396f933aafe649fb24eb0bb01da1f,ModelType-520a5697816a877df81f409a956b638e542396f933aafe649fb24eb0bb01da1f,ModelKind-520a5697816a877df81f409a956b638e542396f933aafe649fb24eb0bb01da1f,ModelStructureFile-520a5697816a877df81f409a956b638e542396f933aafe649fb24eb0bb01da1f,ModelFlashOccupation-520a5697816a877df81f409a956b638e542396f933aafe649fb24eb0bb01da1f,ModelMacc-520a5697816a877df81f409a956b638e542396f933aafe649fb24eb0bb01da1f,ModelName-0ad0aef2278ab89b476bf46b99b20f0236343d1ade165270370e2bc28289e7e6,ModelActualCompression-0ad0aef2278ab89b476bf46b99b20f0236343d1ade165270370e2bc28289e7e6,ModelCompression-0ad0aef2278ab89b476bf46b99b20f0236343d1ade165270370e2bc28289e7e6,ModelRamOccupation-0ad0aef2278ab89b476bf46b99b20f0236343d1ade165270370e2bc28289e7e6,ModelKind-0ad0aef2278ab89b476bf46b99b20f0236343d1ade165270370e2bc28289e7e6,ModelType-0ad0aef2278ab89b476bf46b99b20f0236343d1ade165270370e2bc28289e7e6,ModelStructureFile-0ad0aef2278ab89b476bf46b99b20f0236343d1ade165270370e2bc28289e7e6,ModelName-9b85a42bf3a80c1e53bf7b102c55c322a4c66974530fa5bcb43e8a20cbbf1716,ModelActualCompression-9b85a42bf3a80c1e53bf7b102c55c322a4c66974530fa5bcb43e8a20cbbf1716,ModelCompression-9b85a42bf3a80c1e53bf7b102c55c322a4c66974530fa5bcb43e8a20cbbf1716,ModelRamOccupation-9b85a42bf3a80c1e53bf7b102c55c322a4c66974530fa5bcb43e8a20cbbf1716,ModelFlashOccupation-0ad0aef2278ab89b476bf46b99b20f0236343d1ade165270370e2bc28289e7e6,ModelMacc-0ad0aef2278ab89b476bf46b99b20f0236343d1ade165270370e2bc28289e7e6,ModelType-9b85a42bf3a80c1e53bf7b102c55c322a4c66974530fa5bcb43e8a20cbbf1716,ModelKind-9b85a42bf3a80c1e53bf7b102c55c322a4c66974530fa5bcb43e8a20cbbf1716,ModelStructureFile-9b85a42bf3a80c1e53bf7b102c55c322a4c66974530fa5bcb43e8a20cbbf1716,ModelFlashOccupation-9b85a42bf3a80c1e53bf7b102c55c322a4c66974530fa5bcb43e8a20cbbf1716,ModelMacc-9b85a42bf3a80c1e53bf7b102c55c322a4c66974530fa5bcb43e8a20cbbf1716,ModelName-e0f6e13d2a9c47247180980761e90d70a427f91ab0b061cebb3ffca9c20b48c6,ModelActualCompression-e0f6e13d2a9c47247180980761e90d70a427f91ab0b061cebb3ffca9c20b48c6,ModelCompression-e0f6e13d2a9c47247180980761e90d70a427f91ab0b061cebb3ffca9c20b48c6,ModelRamOccupation-e0f6e13d2a9c47247180980761e90d70a427f91ab0b061cebb3ffca9c20b48c6,ModelKind-e0f6e13d2a9c47247180980761e90d70a427f91ab0b061cebb3ffca9c20b48c6,ModelType-e0f6e13d2a9c47247180980761e90d70a427f91ab0b061cebb3ffca9c20b48c6,ModelStructureFile-e0f6e13d2a9c47247180980761e90d70a427f91ab0b061cebb3ffca9c20b48c6,ModelName-c97b595e6dd13071dc78b8e08ed1edfec34a2388a1ecc3fd21efef86bfb23d67,ModelActualCompression-c97b595e6dd13071dc78b8e08ed1edfec34a2388a1ecc3fd21efef86bfb23d67,ModelCompression-c97b595e6dd13071dc78b8e08ed1edfec34a2388a1ecc3fd21efef86bfb23d67,ModelRamOccupation-c97b595e6dd13071dc78b8e08ed1edfec34a2388a1ecc3fd21efef86bfb23d67,ModelFlashOccupation-e0f6e13d2a9c47247180980761e90d70a427f91ab0b061cebb3ffca9c20b48c6,ModelMacc-e0f6e13d2a9c47247180980761e90d70a427f91ab0b061cebb3ffca9c20b48c6,ModelKind-c97b595e6dd13071dc78b8e08ed1edfec34a2388a1ecc3fd21efef86bfb23d67,ModelType-c97b595e6dd13071dc78b8e08ed1edfec34a2388a1ecc3fd21efef86bfb23d67,ModelStructureFile-c97b595e6dd13071dc78b8e08ed1edfec34a2388a1ecc3fd21efef86bfb23d67,ModelName-971fe6519f1e279c00cc32ad2617e451425b93433b9b9fce108f5d0d91a5024d,ModelActualCompression-971fe6519f1e279c00cc32ad2617e451425b93433b9b9fce108f5d0d91a5024d,ModelCompression-971fe6519f1e279c00cc32ad2617e451425b93433b9b9fce108f5d0d91a5024d,ModelRamOccupation-971fe6519f1e279c00cc32ad2617e451425b93433b9b9fce108f5d0d91a5024d,ModelFlashOccupation-c97b595e6dd13071dc78b8e08ed1edfec34a2388a1ecc3fd21efef86bfb23d67,ModelMacc-c97b595e6dd13071dc78b8e08ed1edfec34a2388a1ecc3fd21efef86bfb23d67,ModelKind-971fe6519f1e279c00cc32ad2617e451425b93433b9b9fce108f5d0d91a5024d,ModelType-971fe6519f1e279c00cc32ad2617e451425b93433b9b9fce108f5d0d91a5024d,ModelStructureFile-971fe6519f1e279c00cc32ad2617e451425b93433b9b9fce108f5d0d91a5024d,ModelName-451f6b468d8d4d67414bbc0c61efc5145c6c2e51e33912c2624550f8d10c313d,ModelActualCompression-451f6b468d8d4d67414bbc0c61efc5145c6c2e51e33912c2624550f8d10c313d,ModelCompression-451f6b468d8d4d67414bbc0c61efc5145c6c2e51e33912c2624550f8d10c313d,ModelRamOccupation-451f6b468d8d4d67414bbc0c61efc5145c6c2e51e33912c2624550f8d10c313d,ModelFlashOccupation-971fe6519f1e279c00cc32ad2617e451425b93433b9b9fce108f5d0d91a5024d,ModelMacc-971fe6519f1e279c00cc32ad2617e451425b93433b9b9fce108f5d0d91a5024d,ModelType-451f6b468d8d4d67414bbc0c61efc5145c6c2e51e33912c2624550f8d10c313d,ModelKind-451f6b468d8d4d67414bbc0c61efc5145c6c2e51e33912c2624550f8d10c313d,ModelStructureFile-451f6b468d8d4d67414bbc0c61efc5145c6c2e51e33912c2624550f8d10c313d,ModelName-58063cc35d020b4426afe283e867796bfc4c78f4b9a6201fb0139c17aa1afe4f,ModelActualCompression-58063cc35d020b4426afe283e867796bfc4c78f4b9a6201fb0139c17aa1afe4f,ModelCompression-58063cc35d020b4426afe283e867796bfc4c78f4b9a6201fb0139c17aa1afe4f,ModelRamOccupation-58063cc35d020b4426afe283e867796bfc4c78f4b9a6201fb0139c17aa1afe4f,ModelFlashOccupation-451f6b468d8d4d67414bbc0c61efc5145c6c2e51e33912c2624550f8d10c313d,ModelMacc-451f6b468d8d4d67414bbc0c61efc5145c6c2e51e33912c2624550f8d10c313d,ModelType-58063cc35d020b4426afe283e867796bfc4c78f4b9a6201fb0139c17aa1afe4f,ModelKind-58063cc35d020b4426afe283e867796bfc4c78f4b9a6201fb0139c17aa1afe4f,ModelStructureFile-58063cc35d020b4426afe283e867796bfc4c78f4b9a6201fb0139c17aa1afe4f,ModelFlashOccupation-58063cc35d020b4426afe283e867796bfc4c78f4b9a6201fb0139c17aa1afe4f,ModelMacc-58063cc35d020b4426afe283e867796bfc4c78f4b9a6201fb0139c17aa1afe4f,ModelName-451048d50251f6c55602449ac6d5e045f2520e84b01263c16afaa52cb8cf1cad,ModelActualCompression-451048d50251f6c55602449ac6d5e045f2520e84b01263c16afaa52cb8cf1cad,ModelCompression-451048d50251f6c55602449ac6d5e045f2520e84b01263c16afaa52cb8cf1cad,ModelRamOccupation-451048d50251f6c55602449ac6d5e045f2520e84b01263c16afaa52cb8cf1cad,ModelType-451048d50251f6c55602449ac6d5e045f2520e84b01263c16afaa52cb8cf1cad,ModelKind-451048d50251f6c55602449ac6d5e045f2520e84b01263c16afaa52cb8cf1cad,ModelStructureFile-451048d50251f6c55602449ac6d5e045f2520e84b01263c16afaa52cb8cf1cad,ModelFlashOccupation-451048d50251f6c55602449ac6d5e045f2520e84b01263c16afaa52cb8cf1cad,ModelMacc-451048d50251f6c55602449ac6d5e045f2520e84b01263c16afaa52cb8cf1cad,HeapSize,StackSize
STMicroelectronics.X-CUBE-AI.3.4.0.ModelActualCompression-0300c07a2a296530ba372e5e13f5f2596c9611665aa2a52101de376cc3cf4819=7.964
STMicroelectronics.X-CUBE-AI.3.4.0.ModelActualCompression-0ad0aef2278ab89b476bf46b99b20f0236343d1ade165270370e2bc28289e7e6=7.295
STMicroelectronics.X-CUBE-AI.3.4.0.ModelActualCompression-451048d50251f6c55602449ac6d5e045f2520e84b01263c16afaa52cb8cf1cad=7.948
STMicroelectronics.X-CUBE-AI.3.4.0.ModelActualCompression-451f6b468d8d4d67414bbc0c61efc5145c6c2e51e33912c2624550f8d10c313d=6.294
STMicroelectronics.X-CUBE-AI.3.4.0.ModelActualCompression-520a5697816a877df81f409a956b638e542396f933aafe649fb24eb0bb01da1f=7.966
STMicroelectronics.X-CUBE-AI.3.4.0.ModelActualCompression-58063cc35d020b4426afe283e867796bfc4c78f4b9a6201fb0139c17aa1afe4f=7.941
STMicroelectronics.X-CUBE-AI.3.4.0.ModelActualCompression-60423bab84e63d30d62dc3f173754bfa1d6fcb865b35e988091dab5cbcc6ec72=7.97
STMicroelectronics.X-CUBE-AI.3.4.0.ModelActualCompression-8328d655b4684f8fd0af6e883d8eb0baeae7e6ee45d0b31c43a2d4c55ca8c58f=7.974
STMicroelectronics.X-CUBE-AI.3.4.0.ModelActualCompression-971fe6519f1e279c00cc32ad2617e451425b93433b9b9fce108f5d0d91a5024d=7.004
STMicroelectronics.X-CUBE-AI.3.4.0.ModelActualCompression-9b85a42bf3a80c1e53bf7b102c55c322a4c66974530fa5bcb43e8a20cbbf1716=6.757
STMicroelectronics.X-CUBE-AI.3.4.0.ModelActualCompression-ad3d97246a71f772348e238be11d9c38735f0f3438b941530a5a824a859a3150=0.0
STMicroelectronics.X-CUBE-AI.3.4.0.ModelActualCompression-b304958811a8f7185f59400a692d675a76a84ad8b18b279878ded74f3803a75c=7.004
STMicroelectronics.X-CUBE-AI.3.4.0.ModelActualCompression-c8ee618b7b438fd0dbf6cdcd38eb6a34516aca9bf6860d10b5babcaa226f83d8=7.307
STMicroelectronics.X-CUBE-AI.3.4.0.ModelActualCompression-c97b595e6dd13071dc78b8e08ed1edfec34a2388a1ecc3fd21efef86bfb23d67=0.0
STMicroelectronics.X-CUBE-AI.3.4.0.ModelActualCompression-e0f6e13d2a9c47247180980761e90d70a427f91ab0b061cebb3ffca9c20b48c6=7.952
STMicroelectronics.X-CUBE-AI.3.4.0.ModelActualCompression-eaa4dbb50f7e55cf418e7604095da5f27c60d98579f82e636c7acad9b9e0cc9d=0.0
STMicroelectronics.X-CUBE-AI.3.4.0.ModelActualCompression-eb36fff5ecdd041139d5065a4ffc0284eb9d0bfefe3f94bea6bfe6d829c683f6=7.976
STMicroelectronics.X-CUBE-AI.3.4.0.ModelCompression-0300c07a2a296530ba372e5e13f5f2596c9611665aa2a52101de376cc3cf4819=8
STMicroelectronics.X-CUBE-AI.3.4.0.ModelCompression-0ad0aef2278ab89b476bf46b99b20f0236343d1ade165270370e2bc28289e7e6=8
STMicroelectronics.X-CUBE-AI.3.4.0.ModelCompression-451048d50251f6c55602449ac6d5e045f2520e84b01263c16afaa52cb8cf1cad=8
STMicroelectronics.X-CUBE-AI.3.4.0.ModelCompression-451f6b468d8d4d67414bbc0c61efc5145c6c2e51e33912c2624550f8d10c313d=8
STMicroelectronics.X-CUBE-AI.3.4.0.ModelCompression-520a5697816a877df81f409a956b638e542396f933aafe649fb24eb0bb01da1f=8
STMicroelectronics.X-CUBE-AI.3.4.0.ModelCompression-58063cc35d020b4426afe283e867796bfc4c78f4b9a6201fb0139c17aa1afe4f=8
STMicroelectronics.X-CUBE-AI.3.4.0.ModelCompression-60423bab84e63d30d62dc3f173754bfa1d6fcb865b35e988091dab5cbcc6ec72=8
STMicroelectronics.X-CUBE-AI.3.4.0.ModelCompression-8328d655b4684f8fd0af6e883d8eb0baeae7e6ee45d0b31c43a2d4c55ca8c58f=8
STMicroelectronics.X-CUBE-AI.3.4.0.ModelCompression-971fe6519f1e279c00cc32ad2617e451425b93433b9b9fce108f5d0d91a5024d=8
STMicroelectronics.X-CUBE-AI.3.4.0.ModelCompression-9b85a42bf3a80c1e53bf7b102c55c322a4c66974530fa5bcb43e8a20cbbf1716=8
STMicroelectronics.X-CUBE-AI.3.4.0.ModelCompression-ad3d97246a71f772348e238be11d9c38735f0f3438b941530a5a824a859a3150=0
STMicroelectronics.X-CUBE-AI.3.4.0.ModelCompression-b304958811a8f7185f59400a692d675a76a84ad8b18b279878ded74f3803a75c=8
STMicroelectronics.X-CUBE-AI.3.4.0.ModelCompression-c8ee618b7b438fd0dbf6cdcd38eb6a34516aca9bf6860d10b5babcaa226f83d8=8
STMicroelectronics.X-CUBE-AI.3.4.0.ModelCompression-c97b595e6dd13071dc78b8e08ed1edfec34a2388a1ecc3fd21efef86bfb23d67=0
STMicroelectronics.X-CUBE-AI.3.4.0.ModelCompression-e0f6e13d2a9c47247180980761e90d70a427f91ab0b061cebb3ffca9c20b48c6=8
STMicroelectronics.X-CUBE-AI.3.4.0.ModelCompression-eaa4dbb50f7e55cf418e7604095da5f27c60d98579f82e636c7acad9b9e0cc9d=8
STMicroelectronics.X-CUBE-AI.3.4.0.ModelCompression-eb36fff5ecdd041139d5065a4ffc0284eb9d0bfefe3f94bea6bfe6d829c683f6=8
STMicroelectronics.X-CUBE-AI.3.4.0.ModelFlashOccupation-0300c07a2a296530ba372e5e13f5f2596c9611665aa2a52101de376cc3cf4819=315880
STMicroelectronics.X-CUBE-AI.3.4.0.ModelFlashOccupation-0ad0aef2278ab89b476bf46b99b20f0236343d1ade165270370e2bc28289e7e6=85129
STMicroelectronics.X-CUBE-AI.3.4.0.ModelFlashOccupation-451048d50251f6c55602449ac6d5e045f2520e84b01263c16afaa52cb8cf1cad=713750
STMicroelectronics.X-CUBE-AI.3.4.0.ModelFlashOccupation-451f6b468d8d4d67414bbc0c61efc5145c6c2e51e33912c2624550f8d10c313d=202440
STMicroelectronics.X-CUBE-AI.3.4.0.ModelFlashOccupation-520a5697816a877df81f409a956b638e542396f933aafe649fb24eb0bb01da1f=647630
STMicroelectronics.X-CUBE-AI.3.4.0.ModelFlashOccupation-58063cc35d020b4426afe283e867796bfc4c78f4b9a6201fb0139c17aa1afe4f=333000
STMicroelectronics.X-CUBE-AI.3.4.0.ModelFlashOccupation-60423bab84e63d30d62dc3f173754bfa1d6fcb865b35e988091dab5cbcc6ec72=76879
STMicroelectronics.X-CUBE-AI.3.4.0.ModelFlashOccupation-8328d655b4684f8fd0af6e883d8eb0baeae7e6ee45d0b31c43a2d4c55ca8c58f=153690
STMicroelectronics.X-CUBE-AI.3.4.0.ModelFlashOccupation-971fe6519f1e279c00cc32ad2617e451425b93433b9b9fce108f5d0d91a5024d=89250
STMicroelectronics.X-CUBE-AI.3.4.0.ModelFlashOccupation-9b85a42bf3a80c1e53bf7b102c55c322a4c66974530fa5bcb43e8a20cbbf1716=186190
STMicroelectronics.X-CUBE-AI.3.4.0.ModelFlashOccupation-b304958811a8f7185f59400a692d675a76a84ad8b18b279878ded74f3803a75c=89250
STMicroelectronics.X-CUBE-AI.3.4.0.ModelFlashOccupation-c8ee618b7b438fd0dbf6cdcd38eb6a34516aca9bf6860d10b5babcaa226f83d8=169940
STMicroelectronics.X-CUBE-AI.3.4.0.ModelFlashOccupation-c97b595e6dd13071dc78b8e08ed1edfec34a2388a1ecc3fd21efef86bfb23d67=5289999
STMicroelectronics.X-CUBE-AI.3.4.0.ModelFlashOccupation-e0f6e13d2a9c47247180980761e90d70a427f91ab0b061cebb3ffca9c20b48c6=324440
STMicroelectronics.X-CUBE-AI.3.4.0.ModelFlashOccupation-eaa4dbb50f7e55cf418e7604095da5f27c60d98579f82e636c7acad9b9e0cc9d=109879
STMicroelectronics.X-CUBE-AI.3.4.0.ModelFlashOccupation-eb36fff5ecdd041139d5065a4ffc0284eb9d0bfefe3f94bea6bfe6d829c683f6=614570
STMicroelectronics.X-CUBE-AI.3.4.0.ModelHashList=eaa4dbb50f7e55cf418e7604095da5f27c60d98579f82e636c7acad9b9e0cc9d
STMicroelectronics.X-CUBE-AI.3.4.0.ModelKind-0300c07a2a296530ba372e5e13f5f2596c9611665aa2a52101de376cc3cf4819=KERAS
STMicroelectronics.X-CUBE-AI.3.4.0.ModelKind-0ad0aef2278ab89b476bf46b99b20f0236343d1ade165270370e2bc28289e7e6=KERAS
STMicroelectronics.X-CUBE-AI.3.4.0.ModelKind-451048d50251f6c55602449ac6d5e045f2520e84b01263c16afaa52cb8cf1cad=KERAS
STMicroelectronics.X-CUBE-AI.3.4.0.ModelKind-451f6b468d8d4d67414bbc0c61efc5145c6c2e51e33912c2624550f8d10c313d=KERAS
STMicroelectronics.X-CUBE-AI.3.4.0.ModelKind-520a5697816a877df81f409a956b638e542396f933aafe649fb24eb0bb01da1f=KERAS
STMicroelectronics.X-CUBE-AI.3.4.0.ModelKind-58063cc35d020b4426afe283e867796bfc4c78f4b9a6201fb0139c17aa1afe4f=KERAS
STMicroelectronics.X-CUBE-AI.3.4.0.ModelKind-60423bab84e63d30d62dc3f173754bfa1d6fcb865b35e988091dab5cbcc6ec72=KERAS
STMicroelectronics.X-CUBE-AI.3.4.0.ModelKind-8328d655b4684f8fd0af6e883d8eb0baeae7e6ee45d0b31c43a2d4c55ca8c58f=KERAS
STMicroelectronics.X-CUBE-AI.3.4.0.ModelKind-971fe6519f1e279c00cc32ad2617e451425b93433b9b9fce108f5d0d91a5024d=KERAS
STMicroelectronics.X-CUBE-AI.3.4.0.ModelKind-9b85a42bf3a80c1e53bf7b102c55c322a4c66974530fa5bcb43e8a20cbbf1716=KERAS
STMicroelectronics.X-CUBE-AI.3.4.0.ModelKind-ad3d97246a71f772348e238be11d9c38735f0f3438b941530a5a824a859a3150=KERAS
STMicroelectronics.X-CUBE-AI.3.4.0.ModelKind-b304958811a8f7185f59400a692d675a76a84ad8b18b279878ded74f3803a75c=KERAS
STMicroelectronics.X-CUBE-AI.3.4.0.ModelKind-c8ee618b7b438fd0dbf6cdcd38eb6a34516aca9bf6860d10b5babcaa226f83d8=KERAS
STMicroelectronics.X-CUBE-AI.3.4.0.ModelKind-c97b595e6dd13071dc78b8e08ed1edfec34a2388a1ecc3fd21efef86bfb23d67=KERAS
STMicroelectronics.X-CUBE-AI.3.4.0.ModelKind-e0f6e13d2a9c47247180980761e90d70a427f91ab0b061cebb3ffca9c20b48c6=KERAS
STMicroelectronics.X-CUBE-AI.3.4.0.ModelKind-eaa4dbb50f7e55cf418e7604095da5f27c60d98579f82e636c7acad9b9e0cc9d=KERAS
STMicroelectronics.X-CUBE-AI.3.4.0.ModelKind-eb36fff5ecdd041139d5065a4ffc0284eb9d0bfefe3f94bea6bfe6d829c683f6=KERAS
STMicroelectronics.X-CUBE-AI.3.4.0.ModelMacc-0300c07a2a296530ba372e5e13f5f2596c9611665aa2a52101de376cc3cf4819=643969
STMicroelectronics.X-CUBE-AI.3.4.0.ModelMacc-0ad0aef2278ab89b476bf46b99b20f0236343d1ade165270370e2bc28289e7e6=158977
STMicroelectronics.X-CUBE-AI.3.4.0.ModelMacc-451048d50251f6c55602449ac6d5e045f2520e84b01263c16afaa52cb8cf1cad=1452289
STMicroelectronics.X-CUBE-AI.3.4.0.ModelMacc-451f6b468d8d4d67414bbc0c61efc5145c6c2e51e33912c2624550f8d10c313d=326209
STMicroelectronics.X-CUBE-AI.3.4.0.ModelMacc-520a5697816a877df81f409a956b638e542396f933aafe649fb24eb0bb01da1f=1320705
STMicroelectronics.X-CUBE-AI.3.4.0.ModelMacc-58063cc35d020b4426afe283e867796bfc4c78f4b9a6201fb0139c17aa1afe4f=676993
STMicroelectronics.X-CUBE-AI.3.4.0.ModelMacc-60423bab84e63d30d62dc3f173754bfa1d6fcb865b35e988091dab5cbcc6ec72=156865
STMicroelectronics.X-CUBE-AI.3.4.0.ModelMacc-8328d655b4684f8fd0af6e883d8eb0baeae7e6ee45d0b31c43a2d4c55ca8c58f=313729
STMicroelectronics.X-CUBE-AI.3.4.0.ModelMacc-971fe6519f1e279c00cc32ad2617e451425b93433b9b9fce108f5d0d91a5024d=160033
STMicroelectronics.X-CUBE-AI.3.4.0.ModelMacc-9b85a42bf3a80c1e53bf7b102c55c322a4c66974530fa5bcb43e8a20cbbf1716=322049
STMicroelectronics.X-CUBE-AI.3.4.0.ModelMacc-b304958811a8f7185f59400a692d675a76a84ad8b18b279878ded74f3803a75c=160033
STMicroelectronics.X-CUBE-AI.3.4.0.ModelMacc-c8ee618b7b438fd0dbf6cdcd38eb6a34516aca9bf6860d10b5babcaa226f83d8=317889
STMicroelectronics.X-CUBE-AI.3.4.0.ModelMacc-c97b595e6dd13071dc78b8e08ed1edfec34a2388a1ecc3fd21efef86bfb23d67=1386497
STMicroelectronics.X-CUBE-AI.3.4.0.ModelMacc-e0f6e13d2a9c47247180980761e90d70a427f91ab0b061cebb3ffca9c20b48c6=660481
STMicroelectronics.X-CUBE-AI.3.4.0.ModelMacc-eaa4dbb50f7e55cf418e7604095da5f27c60d98579f82e636c7acad9b9e0cc9d=562093
STMicroelectronics.X-CUBE-AI.3.4.0.ModelMacc-eb36fff5ecdd041139d5065a4ffc0284eb9d0bfefe3f94bea6bfe6d829c683f6=1254913
STMicroelectronics.X-CUBE-AI.3.4.0.ModelName-0300c07a2a296530ba372e5e13f5f2596c9611665aa2a52101de376cc3cf4819=fnn_l2_n128
STMicroelectronics.X-CUBE-AI.3.4.0.ModelName-0ad0aef2278ab89b476bf46b99b20f0236343d1ade165270370e2bc28289e7e6=fnn_l3_n32
STMicroelectronics.X-CUBE-AI.3.4.0.ModelName-451048d50251f6c55602449ac6d5e045f2520e84b01263c16afaa52cb8cf1cad=fnn_l4_n265
STMicroelectronics.X-CUBE-AI.3.4.0.ModelName-451f6b468d8d4d67414bbc0c61efc5145c6c2e51e33912c2624550f8d10c313d=fnn_l4_n64
STMicroelectronics.X-CUBE-AI.3.4.0.ModelName-520a5697816a877df81f409a956b638e542396f933aafe649fb24eb0bb01da1f=fnn_l2_256
STMicroelectronics.X-CUBE-AI.3.4.0.ModelName-58063cc35d020b4426afe283e867796bfc4c78f4b9a6201fb0139c17aa1afe4f=fnn_l4_n128
STMicroelectronics.X-CUBE-AI.3.4.0.ModelName-60423bab84e63d30d62dc3f173754bfa1d6fcb865b35e988091dab5cbcc6ec72=fnn_l1_n_32
STMicroelectronics.X-CUBE-AI.3.4.0.ModelName-8328d655b4684f8fd0af6e883d8eb0baeae7e6ee45d0b31c43a2d4c55ca8c58f=fnn_l1_64
STMicroelectronics.X-CUBE-AI.3.4.0.ModelName-971fe6519f1e279c00cc32ad2617e451425b93433b9b9fce108f5d0d91a5024d=fnn_l4_n32
STMicroelectronics.X-CUBE-AI.3.4.0.ModelName-9b85a42bf3a80c1e53bf7b102c55c322a4c66974530fa5bcb43e8a20cbbf1716=fnn_l3_64
STMicroelectronics.X-CUBE-AI.3.4.0.ModelName-ad3d97246a71f772348e238be11d9c38735f0f3438b941530a5a824a859a3150=1563384616262
STMicroelectronics.X-CUBE-AI.3.4.0.ModelName-b304958811a8f7185f59400a692d675a76a84ad8b18b279878ded74f3803a75c=fnn_l4_n32
STMicroelectronics.X-CUBE-AI.3.4.0.ModelName-c8ee618b7b438fd0dbf6cdcd38eb6a34516aca9bf6860d10b5babcaa226f83d8=fnn_l1_n64
STMicroelectronics.X-CUBE-AI.3.4.0.ModelName-c97b595e6dd13071dc78b8e08ed1edfec34a2388a1ecc3fd21efef86bfb23d67=fnn_l3_256
STMicroelectronics.X-CUBE-AI.3.4.0.ModelName-e0f6e13d2a9c47247180980761e90d70a427f91ab0b061cebb3ffca9c20b48c6=fnn_l3_128
STMicroelectronics.X-CUBE-AI.3.4.0.ModelName-eaa4dbb50f7e55cf418e7604095da5f27c60d98579f82e636c7acad9b9e0cc9d=gru_l1_n12
STMicroelectronics.X-CUBE-AI.3.4.0.ModelName-eb36fff5ecdd041139d5065a4ffc0284eb9d0bfefe3f94bea6bfe6d829c683f6=fnn_l1_256
STMicroelectronics.X-CUBE-AI.3.4.0.ModelNameList=gru_l1_n12
STMicroelectronics.X-CUBE-AI.3.4.0.ModelRamOccupation-0300c07a2a296530ba372e5e13f5f2596c9611665aa2a52101de376cc3cf4819=1000
STMicroelectronics.X-CUBE-AI.3.4.0.ModelRamOccupation-0ad0aef2278ab89b476bf46b99b20f0236343d1ade165270370e2bc28289e7e6=260
STMicroelectronics.X-CUBE-AI.3.4.0.ModelRamOccupation-451048d50251f6c55602449ac6d5e045f2520e84b01263c16afaa52cb8cf1cad=2000
STMicroelectronics.X-CUBE-AI.3.4.0.ModelRamOccupation-451f6b468d8d4d67414bbc0c61efc5145c6c2e51e33912c2624550f8d10c313d=516
STMicroelectronics.X-CUBE-AI.3.4.0.ModelRamOccupation-520a5697816a877df81f409a956b638e542396f933aafe649fb24eb0bb01da1f=2000
STMicroelectronics.X-CUBE-AI.3.4.0.ModelRamOccupation-58063cc35d020b4426afe283e867796bfc4c78f4b9a6201fb0139c17aa1afe4f=1000
STMicroelectronics.X-CUBE-AI.3.4.0.ModelRamOccupation-60423bab84e63d30d62dc3f173754bfa1d6fcb865b35e988091dab5cbcc6ec72=136
STMicroelectronics.X-CUBE-AI.3.4.0.ModelRamOccupation-8328d655b4684f8fd0af6e883d8eb0baeae7e6ee45d0b31c43a2d4c55ca8c58f=264
STMicroelectronics.X-CUBE-AI.3.4.0.ModelRamOccupation-971fe6519f1e279c00cc32ad2617e451425b93433b9b9fce108f5d0d91a5024d=260
STMicroelectronics.X-CUBE-AI.3.4.0.ModelRamOccupation-9b85a42bf3a80c1e53bf7b102c55c322a4c66974530fa5bcb43e8a20cbbf1716=516
STMicroelectronics.X-CUBE-AI.3.4.0.ModelRamOccupation-ad3d97246a71f772348e238be11d9c38735f0f3438b941530a5a824a859a3150=0
STMicroelectronics.X-CUBE-AI.3.4.0.ModelRamOccupation-b304958811a8f7185f59400a692d675a76a84ad8b18b279878ded74f3803a75c=260
STMicroelectronics.X-CUBE-AI.3.4.0.ModelRamOccupation-c8ee618b7b438fd0dbf6cdcd38eb6a34516aca9bf6860d10b5babcaa226f83d8=516
STMicroelectronics.X-CUBE-AI.3.4.0.ModelRamOccupation-c97b595e6dd13071dc78b8e08ed1edfec34a2388a1ecc3fd21efef86bfb23d67=2000
STMicroelectronics.X-CUBE-AI.3.4.0.ModelRamOccupation-e0f6e13d2a9c47247180980761e90d70a427f91ab0b061cebb3ffca9c20b48c6=1000
STMicroelectronics.X-CUBE-AI.3.4.0.ModelRamOccupation-eaa4dbb50f7e55cf418e7604095da5f27c60d98579f82e636c7acad9b9e0cc9d=56
STMicroelectronics.X-CUBE-AI.3.4.0.ModelRamOccupation-eb36fff5ecdd041139d5065a4ffc0284eb9d0bfefe3f94bea6bfe6d829c683f6=1009
STMicroelectronics.X-CUBE-AI.3.4.0.ModelStructureFile-0300c07a2a296530ba372e5e13f5f2596c9611665aa2a52101de376cc3cf4819=/Users/metwaly_aly/OneDrive - Helvar Oy Ab/Radar/Radar_AWS/models/FNN/ffn_batch_256_layers_2_neurons_128.h5
STMicroelectronics.X-CUBE-AI.3.4.0.ModelStructureFile-0ad0aef2278ab89b476bf46b99b20f0236343d1ade165270370e2bc28289e7e6=/Users/metwaly_aly/OneDrive - Helvar Oy Ab/Radar/Radar_AWS/models/FNN/ffn_batch_256_layers_3_neurons_32.h5
STMicroelectronics.X-CUBE-AI.3.4.0.ModelStructureFile-451048d50251f6c55602449ac6d5e045f2520e84b01263c16afaa52cb8cf1cad=/Users/metwaly_aly/OneDrive - Helvar Oy Ab/Radar/Radar_AWS/models/FNN/ffn_batch_256_layers_4_neurons_256.h5
STMicroelectronics.X-CUBE-AI.3.4.0.ModelStructureFile-451f6b468d8d4d67414bbc0c61efc5145c6c2e51e33912c2624550f8d10c313d=/Users/metwaly_aly/OneDrive - Helvar Oy Ab/Radar/Radar_AWS/models/FNN/ffn_batch_256_layers_4_neurons_64.h5
STMicroelectronics.X-CUBE-AI.3.4.0.ModelStructureFile-520a5697816a877df81f409a956b638e542396f933aafe649fb24eb0bb01da1f=/Users/metwaly_aly/OneDrive - Helvar Oy Ab/Radar/Radar_AWS/models/FNN/ffn_batch_256_layers_2_neurons_256.h5
STMicroelectronics.X-CUBE-AI.3.4.0.ModelStructureFile-58063cc35d020b4426afe283e867796bfc4c78f4b9a6201fb0139c17aa1afe4f=/Users/metwaly_aly/OneDrive - Helvar Oy Ab/Radar/Radar_AWS/models/FNN/ffn_batch_256_layers_4_neurons_128.h5
STMicroelectronics.X-CUBE-AI.3.4.0.ModelStructureFile-60423bab84e63d30d62dc3f173754bfa1d6fcb865b35e988091dab5cbcc6ec72=/Users/metwaly_aly/OneDrive - Helvar Oy Ab/Radar/Radar_AWS/models/FNN/ffn_batch_256_layers_1_neurons_32.h5
STMicroelectronics.X-CUBE-AI.3.4.0.ModelStructureFile-8328d655b4684f8fd0af6e883d8eb0baeae7e6ee45d0b31c43a2d4c55ca8c58f=/Users/metwaly_aly/OneDrive - Helvar Oy Ab/Radar/Radar_AWS/models/FNN/ffn_batch_256_layers_1_neurons_64.h5
STMicroelectronics.X-CUBE-AI.3.4.0.ModelStructureFile-971fe6519f1e279c00cc32ad2617e451425b93433b9b9fce108f5d0d91a5024d=/Users/metwaly_aly/OneDrive - Helvar Oy Ab/Radar/Radar_AWS/models/FNN/ffn_batch_256_layers_4_neurons_32.h5
STMicroelectronics.X-CUBE-AI.3.4.0.ModelStructureFile-9b85a42bf3a80c1e53bf7b102c55c322a4c66974530fa5bcb43e8a20cbbf1716=/Users/metwaly_aly/OneDrive - Helvar Oy Ab/Radar/Radar_AWS/models/FNN/ffn_batch_256_layers_3_neurons_64.h5
STMicroelectronics.X-CUBE-AI.3.4.0.ModelStructureFile-b304958811a8f7185f59400a692d675a76a84ad8b18b279878ded74f3803a75c=/Users/metwaly_aly/OneDrive - Helvar Oy Ab/Radar/Radar_AWS/models/FNN/ffn_batch_256_layers_4_neurons_32.h5
STMicroelectronics.X-CUBE-AI.3.4.0.ModelStructureFile-c8ee618b7b438fd0dbf6cdcd38eb6a34516aca9bf6860d10b5babcaa226f83d8=/Users/metwaly_aly/OneDrive - Helvar Oy Ab/Radar/Radar_AWS/models/FNN/ffn_batch_256_layers_2_neurons_64.h5
STMicroelectronics.X-CUBE-AI.3.4.0.ModelStructureFile-c97b595e6dd13071dc78b8e08ed1edfec34a2388a1ecc3fd21efef86bfb23d67=/Users/metwaly_aly/OneDrive - Helvar Oy Ab/Radar/Radar_AWS/models/FNN/ffn_batch_256_layers_3_neurons_256.h5
STMicroelectronics.X-CUBE-AI.3.4.0.ModelStructureFile-e0f6e13d2a9c47247180980761e90d70a427f91ab0b061cebb3ffca9c20b48c6=/Users/metwaly_aly/OneDrive - Helvar Oy Ab/Radar/Radar_AWS/models/FNN/ffn_batch_256_layers_3_neurons_128.h5
STMicroelectronics.X-CUBE-AI.3.4.0.ModelStructureFile-eaa4dbb50f7e55cf418e7604095da5f27c60d98579f82e636c7acad9b9e0cc9d=/Users/metwaly_aly/OneDrive - Helvar Oy Ab/Melexis/new_test_set/models/original_data/gru_batch_128_layers_1_lback_20_neurons_12.h5
STMicroelectronics.X-CUBE-AI.3.4.0.ModelStructureFile-eb36fff5ecdd041139d5065a4ffc0284eb9d0bfefe3f94bea6bfe6d829c683f6=/Users/metwaly_aly/OneDrive - Helvar Oy Ab/Radar/Radar_AWS/models/FNN/ffn_batch_256_layers_1_neurons_256.h5
STMicroelectronics.X-CUBE-AI.3.4.0.ModelType-0300c07a2a296530ba372e5e13f5f2596c9611665aa2a52101de376cc3cf4819=Model and Topology
STMicroelectronics.X-CUBE-AI.3.4.0.ModelType-0ad0aef2278ab89b476bf46b99b20f0236343d1ade165270370e2bc28289e7e6=Model and Topology
STMicroelectronics.X-CUBE-AI.3.4.0.ModelType-451048d50251f6c55602449ac6d5e045f2520e84b01263c16afaa52cb8cf1cad=Model and Topology
STMicroelectronics.X-CUBE-AI.3.4.0.ModelType-451f6b468d8d4d67414bbc0c61efc5145c6c2e51e33912c2624550f8d10c313d=Model and Topology
STMicroelectronics.X-CUBE-AI.3.4.0.ModelType-520a5697816a877df81f409a956b638e542396f933aafe649fb24eb0bb01da1f=Model and Topology
STMicroelectronics.X-CUBE-AI.3.4.0.ModelType-58063cc35d020b4426afe283e867796bfc4c78f4b9a6201fb0139c17aa1afe4f=Model and Topology
STMicroelectronics.X-CUBE-AI.3.4.0.ModelType-60423bab84e63d30d62dc3f173754bfa1d6fcb865b35e988091dab5cbcc6ec72=Model and Topology
STMicroelectronics.X-CUBE-AI.3.4.0.ModelType-8328d655b4684f8fd0af6e883d8eb0baeae7e6ee45d0b31c43a2d4c55ca8c58f=Model and Topology
STMicroelectronics.X-CUBE-AI.3.4.0.ModelType-971fe6519f1e279c00cc32ad2617e451425b93433b9b9fce108f5d0d91a5024d=Model and Topology
STMicroelectronics.X-CUBE-AI.3.4.0.ModelType-9b85a42bf3a80c1e53bf7b102c55c322a4c66974530fa5bcb43e8a20cbbf1716=Model and Topology
STMicroelectronics.X-CUBE-AI.3.4.0.ModelType-ad3d97246a71f772348e238be11d9c38735f0f3438b941530a5a824a859a3150=Saved model
STMicroelectronics.X-CUBE-AI.3.4.0.ModelType-b304958811a8f7185f59400a692d675a76a84ad8b18b279878ded74f3803a75c=Model and Topology
STMicroelectronics.X-CUBE-AI.3.4.0.ModelType-c8ee618b7b438fd0dbf6cdcd38eb6a34516aca9bf6860d10b5babcaa226f83d8=Model and Topology
STMicroelectronics.X-CUBE-AI.3.4.0.ModelType-c97b595e6dd13071dc78b8e08ed1edfec34a2388a1ecc3fd21efef86bfb23d67=Model and Topology
STMicroelectronics.X-CUBE-AI.3.4.0.ModelType-e0f6e13d2a9c47247180980761e90d70a427f91ab0b061cebb3ffca9c20b48c6=Model and Topology
STMicroelectronics.X-CUBE-AI.3.4.0.ModelType-eaa4dbb50f7e55cf418e7604095da5f27c60d98579f82e636c7acad9b9e0cc9d=Model and Topology
STMicroelectronics.X-CUBE-AI.3.4.0.ModelType-eb36fff5ecdd041139d5065a4ffc0284eb9d0bfefe3f94bea6bfe6d829c683f6=Model and Topology
STMicroelectronics.X-CUBE-AI.3.4.0.StackSize=0x4000
STMicroelectronics.X-CUBE-AI.3.4.0.XAaCUBEAaAICcArtificialOoIntelligenceJjCore=true
STMicroelectronics.X-CUBE-AI.3.4.00.BSP.STBoard=false
STMicroelectronics.X-CUBE-AI.3.4.00.BSP.api=Unknown
STMicroelectronics.X-CUBE-AI.3.4.00.BSP.component=
STMicroelectronics.X-CUBE-AI.3.4.00.BSP.condition=
STMicroelectronics.X-CUBE-AI.3.4.00.BSP.i2caddr=0
STMicroelectronics.X-CUBE-AI.3.4.00.BSP.i2creg=
STMicroelectronics.X-CUBE-AI.3.4.00.BSP.instance=USART2
STMicroelectronics.X-CUBE-AI.3.4.00.BSP.ip=USART
STMicroelectronics.X-CUBE-AI.3.4.00.BSP.mode=Asynchronous
STMicroelectronics.X-CUBE-AI.3.4.00.BSP.name=COM Port
STMicroelectronics.X-CUBE-AI.3.4.00.BSP.semaphore=
STMicroelectronics.X-CUBE-AI.3.4.00.BSP.solution=USART2
STMicroelectronics.X-CUBE-AI.3.4.0_ArtificialOoIntelligenceJjApplication_RteComponent0=\#define AI_SYSTEM_PERFORMANCE
STMicroelectronics.X-CUBE-AI.3.4.0_ArtificialOoIntelligenceJjApplication_RteComponentsize=1
STMicroelectronics.X-CUBE-AI.3.4.0_ArtificialOoIntelligenceJjXAaCUBEAaAI_RteComponentsize=0
STMicroelectronics.X-CUBE-AI.3.4.0_MwName0=X-CUBE-AI
STMicroelectronics.X-CUBE-AI.3.4.0_MwName1=Application
STMicroelectronics.X-CUBE-AI.3.4.0_NumberOfMw=2
STMicroelectronics.X-CUBE-AI.3.4.0_SwParameter=XAaCUBEAaAICcArtificialOoIntelligenceJjCore\:true;ApplicationCcArtificialOoIntelligenceJjApplication\:SystemPerformance;
STMicroelectronics.X-CUBE-AI.3.4.0_description=Artificial Intelligence
STMicroelectronics.X-CUBE-AI.3.4.0_license=SLA0048.txt
STMicroelectronics.X-CUBE-AI.3.4.0_supportedCore=Cortex-M4;Cortex-M7;
USART2.IPParameters=VirtualMode
USART2.VirtualMode=VM_ASYNC
VP_CRC_VS_CRC.Mode=CRC_Activate
VP_CRC_VS_CRC.Signal=CRC_VS_CRC
VP_STMicroelectronics.X-CUBE-AI_VS_ArtificialOoIntelligenceJjApplication_3.4.0.Mode=ArtificialOoIntelligenceJjApplication
VP_STMicroelectronics.X-CUBE-AI_VS_ArtificialOoIntelligenceJjApplication_3.4.0.Signal=STMicroelectronics.X-CUBE-AI_VS_ArtificialOoIntelligenceJjApplication_3.4.0
VP_STMicroelectronics.X-CUBE-AI_VS_ArtificialOoIntelligenceJjXAaCUBEAaAI_3.4.0.Mode=ArtificialOoIntelligenceJjXAaCUBEAaAI
VP_STMicroelectronics.X-CUBE-AI_VS_ArtificialOoIntelligenceJjXAaCUBEAaAI_3.4.0.Signal=STMicroelectronics.X-CUBE-AI_VS_ArtificialOoIntelligenceJjXAaCUBEAaAI_3.4.0
VP_SYS_VS_Systick.Mode=SysTick
VP_SYS_VS_Systick.Signal=SYS_VS_Systick
board=NUCLEO-F401RE
boardIOC=true
